// !$*UTF8*$!
{
	archiveVersion = 1;
	classes = {
	};
	objectVersion = 46;
	objects = {

/* Begin PBXBuildFile section */
		181B1A0115EDF9FE00B67BDF /* UIKit.framework in Frameworks */ = {isa = PBXBuildFile; fileRef = 181B1A0015EDF9FE00B67BDF /* UIKit.framework */; };
		181B1A0315EDF9FE00B67BDF /* Foundation.framework in Frameworks */ = {isa = PBXBuildFile; fileRef = 181B1A0215EDF9FE00B67BDF /* Foundation.framework */; };
		181B1A0515EDF9FE00B67BDF /* CoreGraphics.framework in Frameworks */ = {isa = PBXBuildFile; fileRef = 181B1A0415EDF9FE00B67BDF /* CoreGraphics.framework */; };
		181B1A4715EDFA1B00B67BDF /* ASIAuthenticationDialog.m in Sources */ = {isa = PBXBuildFile; fileRef = 181B1A2315EDFA1B00B67BDF /* ASIAuthenticationDialog.m */; settings = {COMPILER_FLAGS = "-fno-objc-arc"; }; };
		181B1A4815EDFA1B00B67BDF /* ASIDataCompressor.m in Sources */ = {isa = PBXBuildFile; fileRef = 181B1A2615EDFA1B00B67BDF /* ASIDataCompressor.m */; settings = {COMPILER_FLAGS = "-fno-objc-arc"; }; };
		181B1A4915EDFA1B00B67BDF /* ASIDataDecompressor.m in Sources */ = {isa = PBXBuildFile; fileRef = 181B1A2815EDFA1B00B67BDF /* ASIDataDecompressor.m */; settings = {COMPILER_FLAGS = "-fno-objc-arc"; }; };
		181B1A4A15EDFA1B00B67BDF /* ASIDownloadCache.m in Sources */ = {isa = PBXBuildFile; fileRef = 181B1A2A15EDFA1B00B67BDF /* ASIDownloadCache.m */; settings = {COMPILER_FLAGS = "-fno-objc-arc"; }; };
		181B1A4B15EDFA1B00B67BDF /* ASIFormDataRequest.m in Sources */ = {isa = PBXBuildFile; fileRef = 181B1A2C15EDFA1B00B67BDF /* ASIFormDataRequest.m */; settings = {COMPILER_FLAGS = "-fno-objc-arc"; }; };
		181B1A4C15EDFA1B00B67BDF /* ASIHTTPRequest.m in Sources */ = {isa = PBXBuildFile; fileRef = 181B1A2E15EDFA1B00B67BDF /* ASIHTTPRequest.m */; settings = {COMPILER_FLAGS = "-fno-objc-arc"; }; };
		181B1A4D15EDFA1B00B67BDF /* ASIInputStream.m in Sources */ = {isa = PBXBuildFile; fileRef = 181B1A3215EDFA1B00B67BDF /* ASIInputStream.m */; settings = {COMPILER_FLAGS = "-fno-objc-arc"; }; };
		181B1A4E15EDFA1B00B67BDF /* ASINetworkQueue.m in Sources */ = {isa = PBXBuildFile; fileRef = 181B1A3415EDFA1B00B67BDF /* ASINetworkQueue.m */; settings = {COMPILER_FLAGS = "-fno-objc-arc"; }; };
		181B1A4F15EDFA1B00B67BDF /* Reachability.m in Sources */ = {isa = PBXBuildFile; fileRef = 181B1A3815EDFA1B00B67BDF /* Reachability.m */; settings = {COMPILER_FLAGS = "-fno-objc-arc"; }; };
		181B1A5015EDFA1B00B67BDF /* NSObject+SBJSON.m in Sources */ = {isa = PBXBuildFile; fileRef = 181B1A3C15EDFA1B00B67BDF /* NSObject+SBJSON.m */; settings = {COMPILER_FLAGS = "-fno-objc-arc"; }; };
		181B1A5115EDFA1B00B67BDF /* NSString+SBJSON.m in Sources */ = {isa = PBXBuildFile; fileRef = 181B1A3E15EDFA1B00B67BDF /* NSString+SBJSON.m */; settings = {COMPILER_FLAGS = "-fno-objc-arc"; }; };
		181B1A5215EDFA1B00B67BDF /* SBJSON.m in Sources */ = {isa = PBXBuildFile; fileRef = 181B1A4015EDFA1B00B67BDF /* SBJSON.m */; settings = {COMPILER_FLAGS = "-fno-objc-arc"; }; };
		181B1A5315EDFA1B00B67BDF /* SBJsonBase.m in Sources */ = {isa = PBXBuildFile; fileRef = 181B1A4215EDFA1B00B67BDF /* SBJsonBase.m */; settings = {COMPILER_FLAGS = "-fno-objc-arc"; }; };
		181B1A5415EDFA1B00B67BDF /* SBJsonParser.m in Sources */ = {isa = PBXBuildFile; fileRef = 181B1A4415EDFA1B00B67BDF /* SBJsonParser.m */; settings = {COMPILER_FLAGS = "-fno-objc-arc"; }; };
		181B1A5515EDFA1B00B67BDF /* SBJsonWriter.m in Sources */ = {isa = PBXBuildFile; fileRef = 181B1A4615EDFA1B00B67BDF /* SBJsonWriter.m */; settings = {COMPILER_FLAGS = "-fno-objc-arc"; }; };
		181B1A5715EDFAAC00B67BDF /* CFNetwork.framework in Frameworks */ = {isa = PBXBuildFile; fileRef = 181B1A5615EDFAAC00B67BDF /* CFNetwork.framework */; };
		181B1A6515EDFB5100B67BDF /* libz.dylib in Frameworks */ = {isa = PBXBuildFile; fileRef = 181B1A6415EDFB5100B67BDF /* libz.dylib */; };
		181B1A6915EDFBA400B67BDF /* SystemConfiguration.framework in Frameworks */ = {isa = PBXBuildFile; fileRef = 181B1A6815EDFBA400B67BDF /* SystemConfiguration.framework */; };
		181B1A6D15EDFBC800B67BDF /* MobileCoreServices.framework in Frameworks */ = {isa = PBXBuildFile; fileRef = 181B1A6C15EDFBC800B67BDF /* MobileCoreServices.framework */; };
		181B1A7F15EF163700B67BDF /* RegexKitLite.m in Sources */ = {isa = PBXBuildFile; fileRef = 181B1A7C15EF163700B67BDF /* RegexKitLite.m */; settings = {COMPILER_FLAGS = "-fno-objc-arc"; }; };
		181B1A8015EF163700B67BDF /* JSONKit.m in Sources */ = {isa = PBXBuildFile; fileRef = 181B1A7E15EF163700B67BDF /* JSONKit.m */; settings = {COMPILER_FLAGS = "-fno-objc-arc"; }; };
		181B1A8C15EF196D00B67BDF /* libicucore.dylib in Frameworks */ = {isa = PBXBuildFile; fileRef = 181B1A8B15EF196D00B67BDF /* libicucore.dylib */; };
		CD0BA4F41886E1AD003BADD4 /* MainTabViewController.m in Sources */ = {isa = PBXBuildFile; fileRef = CD0BA4F21886E1AD003BADD4 /* MainTabViewController.m */; };
		CD0BA4F51886E1AD003BADD4 /* MainTabViewController.xib in Resources */ = {isa = PBXBuildFile; fileRef = CD0BA4F31886E1AD003BADD4 /* MainTabViewController.xib */; };
		CD0BA4F91886E1F4003BADD4 /* PersonalTabViewController.m in Sources */ = {isa = PBXBuildFile; fileRef = CD0BA4F71886E1F4003BADD4 /* PersonalTabViewController.m */; };
		CD0BA4FA1886E1F4003BADD4 /* PersonalTabViewController.xib in Resources */ = {isa = PBXBuildFile; fileRef = CD0BA4F81886E1F4003BADD4 /* PersonalTabViewController.xib */; };
		CD0BA4FE1886E3F1003BADD4 /* SettingTabViewController.m in Sources */ = {isa = PBXBuildFile; fileRef = CD0BA4FC1886E3F1003BADD4 /* SettingTabViewController.m */; };
		CD0BA4FF1886E3F1003BADD4 /* SettingTabViewController.xib in Resources */ = {isa = PBXBuildFile; fileRef = CD0BA4FD1886E3F1003BADD4 /* SettingTabViewController.xib */; };
		CD0BA5021886E489003BADD4 /* SSNavigationController.m in Sources */ = {isa = PBXBuildFile; fileRef = CD0BA5011886E489003BADD4 /* SSNavigationController.m */; };
		CD0BA50A1886EB33003BADD4 /* tab1@2x.png in Resources */ = {isa = PBXBuildFile; fileRef = CD0BA5041886EB33003BADD4 /* tab1@2x.png */; };
		CD0BA50B1886EB33003BADD4 /* tab1_s@2x.png in Resources */ = {isa = PBXBuildFile; fileRef = CD0BA5051886EB33003BADD4 /* tab1_s@2x.png */; };
		CD0BA50C1886EB33003BADD4 /* tab2@2x.png in Resources */ = {isa = PBXBuildFile; fileRef = CD0BA5061886EB33003BADD4 /* tab2@2x.png */; };
		CD0BA50D1886EB33003BADD4 /* tab2_s@2x.png in Resources */ = {isa = PBXBuildFile; fileRef = CD0BA5071886EB33003BADD4 /* tab2_s@2x.png */; };
		CD0BA50E1886EB33003BADD4 /* tab3@2x.png in Resources */ = {isa = PBXBuildFile; fileRef = CD0BA5081886EB33003BADD4 /* tab3@2x.png */; };
		CD0BA50F1886EB33003BADD4 /* tab3_s@2x.png in Resources */ = {isa = PBXBuildFile; fileRef = CD0BA5091886EB33003BADD4 /* tab3_s@2x.png */; };
		CD0C3A98188BC0FF0053AE25 /* icon-120.png in Resources */ = {isa = PBXBuildFile; fileRef = CD0C3A96188BC0FF0053AE25 /* icon-120.png */; };
		CD0C3A99188BC0FF0053AE25 /* Default.png in Resources */ = {isa = PBXBuildFile; fileRef = CD0C3A97188BC0FF0053AE25 /* Default.png */; };
		CD0C3A9D188BC1AA0053AE25 /* icon-80.png in Resources */ = {isa = PBXBuildFile; fileRef = CD0C3A9A188BC1AA0053AE25 /* icon-80.png */; };
		CD0C3A9E188BC1AA0053AE25 /* icon-58.png in Resources */ = {isa = PBXBuildFile; fileRef = CD0C3A9B188BC1AA0053AE25 /* icon-58.png */; };
		CD0C3A9F188BC1AA0053AE25 /* icon-29.png in Resources */ = {isa = PBXBuildFile; fileRef = CD0C3A9C188BC1AA0053AE25 /* icon-29.png */; };
		CD0E79A11895624E00AF0F25 /* LoginTableViewController.storyboard in Resources */ = {isa = PBXBuildFile; fileRef = CD0E79A31895624E00AF0F25 /* LoginTableViewController.storyboard */; };
		CD4F90A51674D2AA00E8D947 /* DAKeyboardControl.m in Sources */ = {isa = PBXBuildFile; fileRef = CD4F90A41674D2AA00E8D947 /* DAKeyboardControl.m */; };
		CD84A057188445DE00C4EA91 /* RootViewController.m in Sources */ = {isa = PBXBuildFile; fileRef = CD849EB1188445DD00C4EA91 /* RootViewController.m */; };
		CD84A0DE188445DE00C4EA91 /* SGHTTPHelper.m in Sources */ = {isa = PBXBuildFile; fileRef = CD849F92188445DE00C4EA91 /* SGHTTPHelper.m */; };
		CD84A0DF188445DE00C4EA91 /* SGURLConfig.m in Sources */ = {isa = PBXBuildFile; fileRef = CD849F94188445DE00C4EA91 /* SGURLConfig.m */; };
		CD84A0E2188445DE00C4EA91 /* SGURLHelper.m in Sources */ = {isa = PBXBuildFile; fileRef = CD849F9A188445DE00C4EA91 /* SGURLHelper.m */; };
		CD84A0FC188445DF00C4EA91 /* AppDelegate.m in Sources */ = {isa = PBXBuildFile; fileRef = CD849FD0188445DE00C4EA91 /* AppDelegate.m */; };
		CD84A0FD188445DF00C4EA91 /* InfoPlist.strings in Resources */ = {isa = PBXBuildFile; fileRef = CD849FD1188445DE00C4EA91 /* InfoPlist.strings */; };
		CD84A106188445DF00C4EA91 /* Localizable.strings in Resources */ = {isa = PBXBuildFile; fileRef = CD849FE1188445DE00C4EA91 /* Localizable.strings */; };
		CD84A107188445DF00C4EA91 /* main.m in Sources */ = {isa = PBXBuildFile; fileRef = CD849FE2188445DE00C4EA91 /* main.m */; };
		CD84A10B188445DF00C4EA91 /* WJH-Info.plist in Resources */ = {isa = PBXBuildFile; fileRef = CD849FE7188445DE00C4EA91 /* WJH-Info.plist */; };
		CD84A10C188445DF00C4EA91 /* KeychainItemWrapper.m in Sources */ = {isa = PBXBuildFile; fileRef = CD849FEB188445DE00C4EA91 /* KeychainItemWrapper.m */; settings = {COMPILER_FLAGS = "-fno-objc-arc"; }; };
		CD84A10D188445DF00C4EA91 /* MBProgressHUD.m in Sources */ = {isa = PBXBuildFile; fileRef = CD849FED188445DE00C4EA91 /* MBProgressHUD.m */; };
		CD84A10E188445DF00C4EA91 /* MyUserDefaults.m in Sources */ = {isa = PBXBuildFile; fileRef = CD849FEF188445DE00C4EA91 /* MyUserDefaults.m */; };
		CD84A10F188445DF00C4EA91 /* NSString+NSDate.m in Sources */ = {isa = PBXBuildFile; fileRef = CD849FF1188445DE00C4EA91 /* NSString+NSDate.m */; };
		CD84A110188445DF00C4EA91 /* Pinyin.c in Sources */ = {isa = PBXBuildFile; fileRef = CD849FF2188445DE00C4EA91 /* Pinyin.c */; };
		CD84A111188445DF00C4EA91 /* Pinyin.m in Sources */ = {isa = PBXBuildFile; fileRef = CD849FF4188445DE00C4EA91 /* Pinyin.m */; };
		CD84A112188445DF00C4EA91 /* RawDataCache.m in Sources */ = {isa = PBXBuildFile; fileRef = CD849FF6188445DE00C4EA91 /* RawDataCache.m */; };
		CD84A113188445DF00C4EA91 /* SSColor.m in Sources */ = {isa = PBXBuildFile; fileRef = CD849FF8188445DE00C4EA91 /* SSColor.m */; };
		CD84A114188445DF00C4EA91 /* SSParser.m in Sources */ = {isa = PBXBuildFile; fileRef = CD849FFA188445DE00C4EA91 /* SSParser.m */; };
		CD84A115188445DF00C4EA91 /* Tools.m in Sources */ = {isa = PBXBuildFile; fileRef = CD849FFC188445DE00C4EA91 /* Tools.m */; };
		CD84A116188445DF00C4EA91 /* UserInfoKeyChain.m in Sources */ = {isa = PBXBuildFile; fileRef = CD849FFE188445DE00C4EA91 /* UserInfoKeyChain.m */; };
		CD84A117188445DF00C4EA91 /* ViewUtils.m in Sources */ = {isa = PBXBuildFile; fileRef = CD84A000188445DE00C4EA91 /* ViewUtils.m */; };
		CD84A118188445DF00C4EA91 /* AsyncImageView.m in Sources */ = {isa = PBXBuildFile; fileRef = CD84A003188445DE00C4EA91 /* AsyncImageView.m */; };
		CD84A11A188445DF00C4EA91 /* LogoImageView.m in Sources */ = {isa = PBXBuildFile; fileRef = CD84A007188445DE00C4EA91 /* LogoImageView.m */; };
		CD84A12C188445DF00C4EA91 /* ZoomView.m in Sources */ = {isa = PBXBuildFile; fileRef = CD84A02D188445DE00C4EA91 /* ZoomView.m */; };
		CD84A12F1885969C00C4EA91 /* UploadImage.m in Sources */ = {isa = PBXBuildFile; fileRef = CD84A12E1885969C00C4EA91 /* UploadImage.m */; };
		CD84A132188596E100C4EA91 /* GeneralResponse.m in Sources */ = {isa = PBXBuildFile; fileRef = CD84A131188596E100C4EA91 /* GeneralResponse.m */; };
		CD84A13918859AB400C4EA91 /* icon@2x.png in Resources */ = {isa = PBXBuildFile; fileRef = CD84A13318859AB400C4EA91 /* icon@2x.png */; };
		CD84A13A18859AB400C4EA91 /* icon.png in Resources */ = {isa = PBXBuildFile; fileRef = CD84A13418859AB400C4EA91 /* icon.png */; };
		CD84A13B18859AB400C4EA91 /* iTunesArtwork in Resources */ = {isa = PBXBuildFile; fileRef = CD84A13518859AB400C4EA91 /* iTunesArtwork */; };
		CD84A13C18859AB400C4EA91 /* iTunesArtwork.png in Resources */ = {isa = PBXBuildFile; fileRef = CD84A13618859AB400C4EA91 /* iTunesArtwork.png */; };
		CD84A13D18859AB400C4EA91 /* Default@2x.png in Resources */ = {isa = PBXBuildFile; fileRef = CD84A13718859AB400C4EA91 /* Default@2x.png */; };
		CD84A13E18859AB400C4EA91 /* Default-568h@2x.png in Resources */ = {isa = PBXBuildFile; fileRef = CD84A13818859AB400C4EA91 /* Default-568h@2x.png */; };
		CD86074C1600EB4A003B9C39 /* blueArrowForFooter.png in Resources */ = {isa = PBXBuildFile; fileRef = CD8607441600EB4A003B9C39 /* blueArrowForFooter.png */; };
		CD86074D1600EB4A003B9C39 /* blueArrowForFooter@2x.png in Resources */ = {isa = PBXBuildFile; fileRef = CD8607451600EB4A003B9C39 /* blueArrowForFooter@2x.png */; };
		CD86074E1600EB4A003B9C39 /* blueArrowForHeader.png in Resources */ = {isa = PBXBuildFile; fileRef = CD8607461600EB4A003B9C39 /* blueArrowForHeader.png */; };
		CD86074F1600EB4A003B9C39 /* blueArrowForHeader@2x.png in Resources */ = {isa = PBXBuildFile; fileRef = CD8607471600EB4A003B9C39 /* blueArrowForHeader@2x.png */; };
		CD8607501600EB4A003B9C39 /* EGORefreshTableHeaderView.m in Sources */ = {isa = PBXBuildFile; fileRef = CD8607491600EB4A003B9C39 /* EGORefreshTableHeaderView.m */; };
		CD8607511600EB4A003B9C39 /* EGORefreshTableFooterView.m in Sources */ = {isa = PBXBuildFile; fileRef = CD86074B1600EB4A003B9C39 /* EGORefreshTableFooterView.m */; };
		CD8607561600ED62003B9C39 /* FullyLoaded.m in Sources */ = {isa = PBXBuildFile; fileRef = CD8607541600ED62003B9C39 /* FullyLoaded.m */; settings = {COMPILER_FLAGS = "-fno-objc-arc"; }; };
		CD8637F415F4F7CD00558623 /* URLConfig.json in Resources */ = {isa = PBXBuildFile; fileRef = CD8637F315F4F7CD00558623 /* URLConfig.json */; };
		CD8B7545188BCF82009E7020 /* RootTableViewController.m in Sources */ = {isa = PBXBuildFile; fileRef = CD8B7544188BCF82009E7020 /* RootTableViewController.m */; };
		CD8B7549188BCFD7009E7020 /* LoginTableViewController.m in Sources */ = {isa = PBXBuildFile; fileRef = CD8B7547188BCFD7009E7020 /* LoginTableViewController.m */; };
		CD8B7563188BD078009E7020 /* CustomInputTableViewCell.m in Sources */ = {isa = PBXBuildFile; fileRef = CD8B754E188BD078009E7020 /* CustomInputTableViewCell.m */; };
		CD8B7564188BD078009E7020 /* DateInputTableViewCell.m in Sources */ = {isa = PBXBuildFile; fileRef = CD8B7550188BD078009E7020 /* DateInputTableViewCell.m */; };
		CD8B7565188BD078009E7020 /* IntegerInputTableViewCell.m in Sources */ = {isa = PBXBuildFile; fileRef = CD8B7552188BD078009E7020 /* IntegerInputTableViewCell.m */; };
		CD8B7566188BD078009E7020 /* PickerInputTableViewCell.m in Sources */ = {isa = PBXBuildFile; fileRef = CD8B7554188BD078009E7020 /* PickerInputTableViewCell.m */; };
		CD8B7567188BD078009E7020 /* SimplePickerInputTableViewCell.m in Sources */ = {isa = PBXBuildFile; fileRef = CD8B7556188BD078009E7020 /* SimplePickerInputTableViewCell.m */; };
		CD8B7568188BD078009E7020 /* StringInputTableViewCell.m in Sources */ = {isa = PBXBuildFile; fileRef = CD8B7558188BD078009E7020 /* StringInputTableViewCell.m */; };
		CD8B7569188BD078009E7020 /* StringMutipleInputTableViewCell.m in Sources */ = {isa = PBXBuildFile; fileRef = CD8B755A188BD078009E7020 /* StringMutipleInputTableViewCell.m */; };
		CD8B756A188BD078009E7020 /* NumberStringInputTableViewCell.m in Sources */ = {isa = PBXBuildFile; fileRef = CD8B755C188BD078009E7020 /* NumberStringInputTableViewCell.m */; };
		CD8B756B188BD078009E7020 /* CityPickerInputTableViewCell.m in Sources */ = {isa = PBXBuildFile; fileRef = CD8B755E188BD078009E7020 /* CityPickerInputTableViewCell.m */; };
		CD8B756C188BD078009E7020 /* CategoryPickerInputTableViewCell.m in Sources */ = {isa = PBXBuildFile; fileRef = CD8B7560188BD078009E7020 /* CategoryPickerInputTableViewCell.m */; };
		CD8B756D188BD078009E7020 /* CenterPickerInputTableViewCell.m in Sources */ = {isa = PBXBuildFile; fileRef = CD8B7562188BD078009E7020 /* CenterPickerInputTableViewCell.m */; };
		CD8B7570188BD832009E7020 /* wjh-220@2x.png in Resources */ = {isa = PBXBuildFile; fileRef = CD8B756E188BD832009E7020 /* wjh-220@2x.png */; };
		CD8B7571188BD832009E7020 /* wjh-220.png in Resources */ = {isa = PBXBuildFile; fileRef = CD8B756F188BD832009E7020 /* wjh-220.png */; };
		CD8B7576188BF0AA009E7020 /* register.png in Resources */ = {isa = PBXBuildFile; fileRef = CD8B7572188BF0AA009E7020 /* register.png */; };
		CD8B7577188BF0AA009E7020 /* login.png in Resources */ = {isa = PBXBuildFile; fileRef = CD8B7573188BF0AA009E7020 /* login.png */; };
		CD8B7578188BF0AA009E7020 /* register@2x.png in Resources */ = {isa = PBXBuildFile; fileRef = CD8B7574188BF0AA009E7020 /* register@2x.png */; };
		CD8B7579188BF0AA009E7020 /* login@2x.png in Resources */ = {isa = PBXBuildFile; fileRef = CD8B7575188BF0AA009E7020 /* login@2x.png */; };
		CD8C6F6A189544E0000EAE12 /* RegisterTableViewController.m in Sources */ = {isa = PBXBuildFile; fileRef = CD8C6F67189544E0000EAE12 /* RegisterTableViewController.m */; };
		CD8C6F6B189544E0000EAE12 /* RegisterTableViewController.storyboard in Resources */ = {isa = PBXBuildFile; fileRef = CD8C6F68189544E0000EAE12 /* RegisterTableViewController.storyboard */; };
		CD8CD01016AED2A400F831BD /* AssetsLibrary.framework in Frameworks */ = {isa = PBXBuildFile; fileRef = CD6415281678B2540001C6BB /* AssetsLibrary.framework */; };
		CD9FD2EE15F7AA5200AE22FB /* Security.framework in Frameworks */ = {isa = PBXBuildFile; fileRef = 181B1A6A15EDFBBC00B67BDF /* Security.framework */; };
		CD9FD2F015F7AA5900AE22FB /* QuartzCore.framework in Frameworks */ = {isa = PBXBuildFile; fileRef = CD9FD2EF15F7AA5900AE22FB /* QuartzCore.framework */; };
		CDBCA71B167DA36C00BD8B40 /* XCDFormInputAccessoryView.m in Sources */ = {isa = PBXBuildFile; fileRef = CDBCA71A167DA36C00BD8B40 /* XCDFormInputAccessoryView.m */; };
/* End PBXBuildFile section */

/* Begin PBXFileReference section */
		181B19FC15EDF9FE00B67BDF /* WJH.app */ = {isa = PBXFileReference; explicitFileType = wrapper.application; includeInIndex = 0; path = WJH.app; sourceTree = BUILT_PRODUCTS_DIR; };
		181B1A0015EDF9FE00B67BDF /* UIKit.framework */ = {isa = PBXFileReference; lastKnownFileType = wrapper.framework; name = UIKit.framework; path = System/Library/Frameworks/UIKit.framework; sourceTree = SDKROOT; };
		181B1A0215EDF9FE00B67BDF /* Foundation.framework */ = {isa = PBXFileReference; lastKnownFileType = wrapper.framework; name = Foundation.framework; path = System/Library/Frameworks/Foundation.framework; sourceTree = SDKROOT; };
		181B1A0415EDF9FE00B67BDF /* CoreGraphics.framework */ = {isa = PBXFileReference; lastKnownFileType = wrapper.framework; name = CoreGraphics.framework; path = System/Library/Frameworks/CoreGraphics.framework; sourceTree = SDKROOT; };
		181B1A2215EDFA1B00B67BDF /* ASIAuthenticationDialog.h */ = {isa = PBXFileReference; fileEncoding = 4; lastKnownFileType = sourcecode.c.h; path = ASIAuthenticationDialog.h; sourceTree = "<group>"; };
		181B1A2315EDFA1B00B67BDF /* ASIAuthenticationDialog.m */ = {isa = PBXFileReference; fileEncoding = 4; lastKnownFileType = sourcecode.c.objc; path = ASIAuthenticationDialog.m; sourceTree = "<group>"; };
		181B1A2415EDFA1B00B67BDF /* ASICacheDelegate.h */ = {isa = PBXFileReference; fileEncoding = 4; lastKnownFileType = sourcecode.c.h; path = ASICacheDelegate.h; sourceTree = "<group>"; };
		181B1A2515EDFA1B00B67BDF /* ASIDataCompressor.h */ = {isa = PBXFileReference; fileEncoding = 4; lastKnownFileType = sourcecode.c.h; path = ASIDataCompressor.h; sourceTree = "<group>"; };
		181B1A2615EDFA1B00B67BDF /* ASIDataCompressor.m */ = {isa = PBXFileReference; fileEncoding = 4; lastKnownFileType = sourcecode.c.objc; path = ASIDataCompressor.m; sourceTree = "<group>"; };
		181B1A2715EDFA1B00B67BDF /* ASIDataDecompressor.h */ = {isa = PBXFileReference; fileEncoding = 4; lastKnownFileType = sourcecode.c.h; path = ASIDataDecompressor.h; sourceTree = "<group>"; };
		181B1A2815EDFA1B00B67BDF /* ASIDataDecompressor.m */ = {isa = PBXFileReference; fileEncoding = 4; lastKnownFileType = sourcecode.c.objc; path = ASIDataDecompressor.m; sourceTree = "<group>"; };
		181B1A2915EDFA1B00B67BDF /* ASIDownloadCache.h */ = {isa = PBXFileReference; fileEncoding = 4; lastKnownFileType = sourcecode.c.h; path = ASIDownloadCache.h; sourceTree = "<group>"; };
		181B1A2A15EDFA1B00B67BDF /* ASIDownloadCache.m */ = {isa = PBXFileReference; fileEncoding = 4; lastKnownFileType = sourcecode.c.objc; path = ASIDownloadCache.m; sourceTree = "<group>"; };
		181B1A2B15EDFA1B00B67BDF /* ASIFormDataRequest.h */ = {isa = PBXFileReference; fileEncoding = 4; lastKnownFileType = sourcecode.c.h; path = ASIFormDataRequest.h; sourceTree = "<group>"; };
		181B1A2C15EDFA1B00B67BDF /* ASIFormDataRequest.m */ = {isa = PBXFileReference; fileEncoding = 4; lastKnownFileType = sourcecode.c.objc; path = ASIFormDataRequest.m; sourceTree = "<group>"; };
		181B1A2D15EDFA1B00B67BDF /* ASIHTTPRequest.h */ = {isa = PBXFileReference; fileEncoding = 4; lastKnownFileType = sourcecode.c.h; path = ASIHTTPRequest.h; sourceTree = "<group>"; };
		181B1A2E15EDFA1B00B67BDF /* ASIHTTPRequest.m */ = {isa = PBXFileReference; fileEncoding = 4; lastKnownFileType = sourcecode.c.objc; path = ASIHTTPRequest.m; sourceTree = "<group>"; };
		181B1A2F15EDFA1B00B67BDF /* ASIHTTPRequestConfig.h */ = {isa = PBXFileReference; fileEncoding = 4; lastKnownFileType = sourcecode.c.h; path = ASIHTTPRequestConfig.h; sourceTree = "<group>"; };
		181B1A3015EDFA1B00B67BDF /* ASIHTTPRequestDelegate.h */ = {isa = PBXFileReference; fileEncoding = 4; lastKnownFileType = sourcecode.c.h; path = ASIHTTPRequestDelegate.h; sourceTree = "<group>"; };
		181B1A3115EDFA1B00B67BDF /* ASIInputStream.h */ = {isa = PBXFileReference; fileEncoding = 4; lastKnownFileType = sourcecode.c.h; path = ASIInputStream.h; sourceTree = "<group>"; };
		181B1A3215EDFA1B00B67BDF /* ASIInputStream.m */ = {isa = PBXFileReference; fileEncoding = 4; lastKnownFileType = sourcecode.c.objc; path = ASIInputStream.m; sourceTree = "<group>"; };
		181B1A3315EDFA1B00B67BDF /* ASINetworkQueue.h */ = {isa = PBXFileReference; fileEncoding = 4; lastKnownFileType = sourcecode.c.h; path = ASINetworkQueue.h; sourceTree = "<group>"; };
		181B1A3415EDFA1B00B67BDF /* ASINetworkQueue.m */ = {isa = PBXFileReference; fileEncoding = 4; lastKnownFileType = sourcecode.c.objc; path = ASINetworkQueue.m; sourceTree = "<group>"; };
		181B1A3515EDFA1B00B67BDF /* ASIProgressDelegate.h */ = {isa = PBXFileReference; fileEncoding = 4; lastKnownFileType = sourcecode.c.h; path = ASIProgressDelegate.h; sourceTree = "<group>"; };
		181B1A3715EDFA1B00B67BDF /* Reachability.h */ = {isa = PBXFileReference; fileEncoding = 4; lastKnownFileType = sourcecode.c.h; path = Reachability.h; sourceTree = "<group>"; };
		181B1A3815EDFA1B00B67BDF /* Reachability.m */ = {isa = PBXFileReference; fileEncoding = 4; lastKnownFileType = sourcecode.c.objc; path = Reachability.m; sourceTree = "<group>"; };
		181B1A3A15EDFA1B00B67BDF /* JSON.h */ = {isa = PBXFileReference; fileEncoding = 4; lastKnownFileType = sourcecode.c.h; path = JSON.h; sourceTree = "<group>"; };
		181B1A3B15EDFA1B00B67BDF /* NSObject+SBJSON.h */ = {isa = PBXFileReference; fileEncoding = 4; lastKnownFileType = sourcecode.c.h; path = "NSObject+SBJSON.h"; sourceTree = "<group>"; };
		181B1A3C15EDFA1B00B67BDF /* NSObject+SBJSON.m */ = {isa = PBXFileReference; fileEncoding = 4; lastKnownFileType = sourcecode.c.objc; path = "NSObject+SBJSON.m"; sourceTree = "<group>"; };
		181B1A3D15EDFA1B00B67BDF /* NSString+SBJSON.h */ = {isa = PBXFileReference; fileEncoding = 4; lastKnownFileType = sourcecode.c.h; path = "NSString+SBJSON.h"; sourceTree = "<group>"; };
		181B1A3E15EDFA1B00B67BDF /* NSString+SBJSON.m */ = {isa = PBXFileReference; fileEncoding = 4; lastKnownFileType = sourcecode.c.objc; path = "NSString+SBJSON.m"; sourceTree = "<group>"; };
		181B1A3F15EDFA1B00B67BDF /* SBJSON.h */ = {isa = PBXFileReference; fileEncoding = 4; lastKnownFileType = sourcecode.c.h; path = SBJSON.h; sourceTree = "<group>"; };
		181B1A4015EDFA1B00B67BDF /* SBJSON.m */ = {isa = PBXFileReference; fileEncoding = 4; lastKnownFileType = sourcecode.c.objc; path = SBJSON.m; sourceTree = "<group>"; };
		181B1A4115EDFA1B00B67BDF /* SBJsonBase.h */ = {isa = PBXFileReference; fileEncoding = 4; lastKnownFileType = sourcecode.c.h; path = SBJsonBase.h; sourceTree = "<group>"; };
		181B1A4215EDFA1B00B67BDF /* SBJsonBase.m */ = {isa = PBXFileReference; fileEncoding = 4; lastKnownFileType = sourcecode.c.objc; path = SBJsonBase.m; sourceTree = "<group>"; };
		181B1A4315EDFA1B00B67BDF /* SBJsonParser.h */ = {isa = PBXFileReference; fileEncoding = 4; lastKnownFileType = sourcecode.c.h; path = SBJsonParser.h; sourceTree = "<group>"; };
		181B1A4415EDFA1B00B67BDF /* SBJsonParser.m */ = {isa = PBXFileReference; fileEncoding = 4; lastKnownFileType = sourcecode.c.objc; path = SBJsonParser.m; sourceTree = "<group>"; };
		181B1A4515EDFA1B00B67BDF /* SBJsonWriter.h */ = {isa = PBXFileReference; fileEncoding = 4; lastKnownFileType = sourcecode.c.h; path = SBJsonWriter.h; sourceTree = "<group>"; };
		181B1A4615EDFA1B00B67BDF /* SBJsonWriter.m */ = {isa = PBXFileReference; fileEncoding = 4; lastKnownFileType = sourcecode.c.objc; path = SBJsonWriter.m; sourceTree = "<group>"; };
		181B1A5615EDFAAC00B67BDF /* CFNetwork.framework */ = {isa = PBXFileReference; lastKnownFileType = wrapper.framework; name = CFNetwork.framework; path = System/Library/Frameworks/CFNetwork.framework; sourceTree = SDKROOT; };
		181B1A6415EDFB5100B67BDF /* libz.dylib */ = {isa = PBXFileReference; lastKnownFileType = "compiled.mach-o.dylib"; name = libz.dylib; path = usr/lib/libz.dylib; sourceTree = SDKROOT; };
		181B1A6815EDFBA400B67BDF /* SystemConfiguration.framework */ = {isa = PBXFileReference; lastKnownFileType = wrapper.framework; name = SystemConfiguration.framework; path = System/Library/Frameworks/SystemConfiguration.framework; sourceTree = SDKROOT; };
		181B1A6A15EDFBBC00B67BDF /* Security.framework */ = {isa = PBXFileReference; lastKnownFileType = wrapper.framework; name = Security.framework; path = System/Library/Frameworks/Security.framework; sourceTree = SDKROOT; };
		181B1A6C15EDFBC800B67BDF /* MobileCoreServices.framework */ = {isa = PBXFileReference; lastKnownFileType = wrapper.framework; name = MobileCoreServices.framework; path = System/Library/Frameworks/MobileCoreServices.framework; sourceTree = SDKROOT; };
		181B1A7B15EF163700B67BDF /* RegexKitLite.h */ = {isa = PBXFileReference; fileEncoding = 4; lastKnownFileType = sourcecode.c.h; path = RegexKitLite.h; sourceTree = "<group>"; };
		181B1A7C15EF163700B67BDF /* RegexKitLite.m */ = {isa = PBXFileReference; fileEncoding = 4; lastKnownFileType = sourcecode.c.objc; path = RegexKitLite.m; sourceTree = "<group>"; };
		181B1A7D15EF163700B67BDF /* JSONKit.h */ = {isa = PBXFileReference; fileEncoding = 4; lastKnownFileType = sourcecode.c.h; path = JSONKit.h; sourceTree = "<group>"; };
		181B1A7E15EF163700B67BDF /* JSONKit.m */ = {isa = PBXFileReference; fileEncoding = 4; lastKnownFileType = sourcecode.c.objc; path = JSONKit.m; sourceTree = "<group>"; };
		181B1A8B15EF196D00B67BDF /* libicucore.dylib */ = {isa = PBXFileReference; lastKnownFileType = "compiled.mach-o.dylib"; name = libicucore.dylib; path = usr/lib/libicucore.dylib; sourceTree = SDKROOT; };
		CD0BA4F11886E1AD003BADD4 /* MainTabViewController.h */ = {isa = PBXFileReference; fileEncoding = 4; lastKnownFileType = sourcecode.c.h; path = MainTabViewController.h; sourceTree = "<group>"; };
		CD0BA4F21886E1AD003BADD4 /* MainTabViewController.m */ = {isa = PBXFileReference; fileEncoding = 4; lastKnownFileType = sourcecode.c.objc; path = MainTabViewController.m; sourceTree = "<group>"; };
		CD0BA4F31886E1AD003BADD4 /* MainTabViewController.xib */ = {isa = PBXFileReference; fileEncoding = 4; lastKnownFileType = file.xib; path = MainTabViewController.xib; sourceTree = "<group>"; };
		CD0BA4F61886E1F4003BADD4 /* PersonalTabViewController.h */ = {isa = PBXFileReference; fileEncoding = 4; lastKnownFileType = sourcecode.c.h; path = PersonalTabViewController.h; sourceTree = "<group>"; };
		CD0BA4F71886E1F4003BADD4 /* PersonalTabViewController.m */ = {isa = PBXFileReference; fileEncoding = 4; lastKnownFileType = sourcecode.c.objc; path = PersonalTabViewController.m; sourceTree = "<group>"; };
		CD0BA4F81886E1F4003BADD4 /* PersonalTabViewController.xib */ = {isa = PBXFileReference; fileEncoding = 4; lastKnownFileType = file.xib; path = PersonalTabViewController.xib; sourceTree = "<group>"; };
		CD0BA4FB1886E3F1003BADD4 /* SettingTabViewController.h */ = {isa = PBXFileReference; fileEncoding = 4; lastKnownFileType = sourcecode.c.h; path = SettingTabViewController.h; sourceTree = "<group>"; };
		CD0BA4FC1886E3F1003BADD4 /* SettingTabViewController.m */ = {isa = PBXFileReference; fileEncoding = 4; lastKnownFileType = sourcecode.c.objc; path = SettingTabViewController.m; sourceTree = "<group>"; };
		CD0BA4FD1886E3F1003BADD4 /* SettingTabViewController.xib */ = {isa = PBXFileReference; fileEncoding = 4; lastKnownFileType = file.xib; path = SettingTabViewController.xib; sourceTree = "<group>"; };
		CD0BA5001886E489003BADD4 /* SSNavigationController.h */ = {isa = PBXFileReference; fileEncoding = 4; lastKnownFileType = sourcecode.c.h; path = SSNavigationController.h; sourceTree = "<group>"; };
		CD0BA5011886E489003BADD4 /* SSNavigationController.m */ = {isa = PBXFileReference; fileEncoding = 4; lastKnownFileType = sourcecode.c.objc; path = SSNavigationController.m; sourceTree = "<group>"; };
		CD0BA5041886EB33003BADD4 /* tab1@2x.png */ = {isa = PBXFileReference; lastKnownFileType = image.png; path = "tab1@2x.png"; sourceTree = "<group>"; };
		CD0BA5051886EB33003BADD4 /* tab1_s@2x.png */ = {isa = PBXFileReference; lastKnownFileType = image.png; path = "tab1_s@2x.png"; sourceTree = "<group>"; };
		CD0BA5061886EB33003BADD4 /* tab2@2x.png */ = {isa = PBXFileReference; lastKnownFileType = image.png; path = "tab2@2x.png"; sourceTree = "<group>"; };
		CD0BA5071886EB33003BADD4 /* tab2_s@2x.png */ = {isa = PBXFileReference; lastKnownFileType = image.png; path = "tab2_s@2x.png"; sourceTree = "<group>"; };
		CD0BA5081886EB33003BADD4 /* tab3@2x.png */ = {isa = PBXFileReference; lastKnownFileType = image.png; path = "tab3@2x.png"; sourceTree = "<group>"; };
		CD0BA5091886EB33003BADD4 /* tab3_s@2x.png */ = {isa = PBXFileReference; lastKnownFileType = image.png; path = "tab3_s@2x.png"; sourceTree = "<group>"; };
		CD0C3A96188BC0FF0053AE25 /* icon-120.png */ = {isa = PBXFileReference; lastKnownFileType = image.png; path = "icon-120.png"; sourceTree = "<group>"; };
		CD0C3A97188BC0FF0053AE25 /* Default.png */ = {isa = PBXFileReference; lastKnownFileType = image.png; path = Default.png; sourceTree = "<group>"; };
		CD0C3A9A188BC1AA0053AE25 /* icon-80.png */ = {isa = PBXFileReference; lastKnownFileType = image.png; path = "icon-80.png"; sourceTree = "<group>"; };
		CD0C3A9B188BC1AA0053AE25 /* icon-58.png */ = {isa = PBXFileReference; lastKnownFileType = image.png; path = "icon-58.png"; sourceTree = "<group>"; };
		CD0C3A9C188BC1AA0053AE25 /* icon-29.png */ = {isa = PBXFileReference; lastKnownFileType = image.png; path = "icon-29.png"; sourceTree = "<group>"; };
		CD0E79A4189562AF00AF0F25 /* zh-Hans */ = {isa = PBXFileReference; lastKnownFileType = file; name = "zh-Hans"; path = "zh-Hans.lproj/LoginTableViewController.storyboard"; sourceTree = "<group>"; };
		CD0E79A5189562AF00AF0F25 /* zh-Hans */ = {isa = PBXFileReference; lastKnownFileType = text.plist.strings; name = "zh-Hans"; path = "zh-Hans.lproj/InfoPlist.strings"; sourceTree = "<group>"; };
		CD4F90A31674D2AA00E8D947 /* DAKeyboardControl.h */ = {isa = PBXFileReference; fileEncoding = 4; lastKnownFileType = sourcecode.c.h; path = DAKeyboardControl.h; sourceTree = "<group>"; };
		CD4F90A41674D2AA00E8D947 /* DAKeyboardControl.m */ = {isa = PBXFileReference; fileEncoding = 4; lastKnownFileType = sourcecode.c.objc; path = DAKeyboardControl.m; sourceTree = "<group>"; };
		CD6415281678B2540001C6BB /* AssetsLibrary.framework */ = {isa = PBXFileReference; lastKnownFileType = wrapper.framework; name = AssetsLibrary.framework; path = System/Library/Frameworks/AssetsLibrary.framework; sourceTree = SDKROOT; };
		CD849EB0188445DD00C4EA91 /* RootViewController.h */ = {isa = PBXFileReference; fileEncoding = 4; lastKnownFileType = sourcecode.c.h; path = RootViewController.h; sourceTree = "<group>"; };
		CD849EB1188445DD00C4EA91 /* RootViewController.m */ = {isa = PBXFileReference; fileEncoding = 4; lastKnownFileType = sourcecode.c.objc; path = RootViewController.m; sourceTree = "<group>"; };
		CD849F91188445DE00C4EA91 /* SGHTTPHelper.h */ = {isa = PBXFileReference; fileEncoding = 4; lastKnownFileType = sourcecode.c.h; path = SGHTTPHelper.h; sourceTree = "<group>"; };
		CD849F92188445DE00C4EA91 /* SGHTTPHelper.m */ = {isa = PBXFileReference; fileEncoding = 4; lastKnownFileType = sourcecode.c.objc; path = SGHTTPHelper.m; sourceTree = "<group>"; };
		CD849F93188445DE00C4EA91 /* SGURLConfig.h */ = {isa = PBXFileReference; fileEncoding = 4; lastKnownFileType = sourcecode.c.h; path = SGURLConfig.h; sourceTree = "<group>"; };
		CD849F94188445DE00C4EA91 /* SGURLConfig.m */ = {isa = PBXFileReference; fileEncoding = 4; lastKnownFileType = sourcecode.c.objc; path = SGURLConfig.m; sourceTree = "<group>"; };
		CD849F99188445DE00C4EA91 /* SGURLHelper.h */ = {isa = PBXFileReference; fileEncoding = 4; lastKnownFileType = sourcecode.c.h; path = SGURLHelper.h; sourceTree = "<group>"; };
		CD849F9A188445DE00C4EA91 /* SGURLHelper.m */ = {isa = PBXFileReference; fileEncoding = 4; lastKnownFileType = sourcecode.c.objc; path = SGURLHelper.m; sourceTree = "<group>"; };
		CD849FCF188445DE00C4EA91 /* AppDelegate.h */ = {isa = PBXFileReference; fileEncoding = 4; lastKnownFileType = sourcecode.c.h; path = AppDelegate.h; sourceTree = "<group>"; };
		CD849FD0188445DE00C4EA91 /* AppDelegate.m */ = {isa = PBXFileReference; fileEncoding = 4; lastKnownFileType = sourcecode.c.objc; path = AppDelegate.m; sourceTree = "<group>"; };
		CD849FE1188445DE00C4EA91 /* Localizable.strings */ = {isa = PBXFileReference; fileEncoding = 4; lastKnownFileType = text.plist.strings; path = Localizable.strings; sourceTree = "<group>"; };
		CD849FE2188445DE00C4EA91 /* main.m */ = {isa = PBXFileReference; fileEncoding = 4; lastKnownFileType = sourcecode.c.objc; path = main.m; sourceTree = "<group>"; };
		CD849FE7188445DE00C4EA91 /* WJH-Info.plist */ = {isa = PBXFileReference; fileEncoding = 4; lastKnownFileType = text.plist.xml; path = "WJH-Info.plist"; sourceTree = "<group>"; };
		CD849FEA188445DE00C4EA91 /* KeychainItemWrapper.h */ = {isa = PBXFileReference; fileEncoding = 4; lastKnownFileType = sourcecode.c.h; path = KeychainItemWrapper.h; sourceTree = "<group>"; };
		CD849FEB188445DE00C4EA91 /* KeychainItemWrapper.m */ = {isa = PBXFileReference; fileEncoding = 4; lastKnownFileType = sourcecode.c.objc; path = KeychainItemWrapper.m; sourceTree = "<group>"; };
		CD849FEC188445DE00C4EA91 /* MBProgressHUD.h */ = {isa = PBXFileReference; fileEncoding = 4; lastKnownFileType = sourcecode.c.h; path = MBProgressHUD.h; sourceTree = "<group>"; };
		CD849FED188445DE00C4EA91 /* MBProgressHUD.m */ = {isa = PBXFileReference; fileEncoding = 4; lastKnownFileType = sourcecode.c.objc; path = MBProgressHUD.m; sourceTree = "<group>"; };
		CD849FEE188445DE00C4EA91 /* MyUserDefaults.h */ = {isa = PBXFileReference; fileEncoding = 4; lastKnownFileType = sourcecode.c.h; path = MyUserDefaults.h; sourceTree = "<group>"; };
		CD849FEF188445DE00C4EA91 /* MyUserDefaults.m */ = {isa = PBXFileReference; fileEncoding = 4; lastKnownFileType = sourcecode.c.objc; path = MyUserDefaults.m; sourceTree = "<group>"; };
		CD849FF0188445DE00C4EA91 /* NSString+NSDate.h */ = {isa = PBXFileReference; fileEncoding = 4; lastKnownFileType = sourcecode.c.h; path = "NSString+NSDate.h"; sourceTree = "<group>"; };
		CD849FF1188445DE00C4EA91 /* NSString+NSDate.m */ = {isa = PBXFileReference; fileEncoding = 4; lastKnownFileType = sourcecode.c.objc; path = "NSString+NSDate.m"; sourceTree = "<group>"; };
		CD849FF2188445DE00C4EA91 /* Pinyin.c */ = {isa = PBXFileReference; fileEncoding = 4; lastKnownFileType = sourcecode.c.c; path = Pinyin.c; sourceTree = "<group>"; };
		CD849FF3188445DE00C4EA91 /* Pinyin.h */ = {isa = PBXFileReference; fileEncoding = 4; lastKnownFileType = sourcecode.c.h; path = Pinyin.h; sourceTree = "<group>"; };
		CD849FF4188445DE00C4EA91 /* Pinyin.m */ = {isa = PBXFileReference; fileEncoding = 4; lastKnownFileType = sourcecode.c.objc; path = Pinyin.m; sourceTree = "<group>"; };
		CD849FF5188445DE00C4EA91 /* RawDataCache.h */ = {isa = PBXFileReference; fileEncoding = 4; lastKnownFileType = sourcecode.c.h; path = RawDataCache.h; sourceTree = "<group>"; };
		CD849FF6188445DE00C4EA91 /* RawDataCache.m */ = {isa = PBXFileReference; fileEncoding = 4; lastKnownFileType = sourcecode.c.objc; path = RawDataCache.m; sourceTree = "<group>"; };
		CD849FF7188445DE00C4EA91 /* SSColor.h */ = {isa = PBXFileReference; fileEncoding = 4; lastKnownFileType = sourcecode.c.h; path = SSColor.h; sourceTree = "<group>"; };
		CD849FF8188445DE00C4EA91 /* SSColor.m */ = {isa = PBXFileReference; fileEncoding = 4; lastKnownFileType = sourcecode.c.objc; path = SSColor.m; sourceTree = "<group>"; };
		CD849FF9188445DE00C4EA91 /* SSParser.h */ = {isa = PBXFileReference; fileEncoding = 4; lastKnownFileType = sourcecode.c.h; path = SSParser.h; sourceTree = "<group>"; };
		CD849FFA188445DE00C4EA91 /* SSParser.m */ = {isa = PBXFileReference; fileEncoding = 4; lastKnownFileType = sourcecode.c.objc; path = SSParser.m; sourceTree = "<group>"; };
		CD849FFB188445DE00C4EA91 /* Tools.h */ = {isa = PBXFileReference; fileEncoding = 4; lastKnownFileType = sourcecode.c.h; path = Tools.h; sourceTree = "<group>"; };
		CD849FFC188445DE00C4EA91 /* Tools.m */ = {isa = PBXFileReference; fileEncoding = 4; lastKnownFileType = sourcecode.c.objc; path = Tools.m; sourceTree = "<group>"; };
		CD849FFD188445DE00C4EA91 /* UserInfoKeyChain.h */ = {isa = PBXFileReference; fileEncoding = 4; lastKnownFileType = sourcecode.c.h; path = UserInfoKeyChain.h; sourceTree = "<group>"; };
		CD849FFE188445DE00C4EA91 /* UserInfoKeyChain.m */ = {isa = PBXFileReference; fileEncoding = 4; lastKnownFileType = sourcecode.c.objc; path = UserInfoKeyChain.m; sourceTree = "<group>"; };
		CD849FFF188445DE00C4EA91 /* ViewUtils.h */ = {isa = PBXFileReference; fileEncoding = 4; lastKnownFileType = sourcecode.c.h; path = ViewUtils.h; sourceTree = "<group>"; };
		CD84A000188445DE00C4EA91 /* ViewUtils.m */ = {isa = PBXFileReference; fileEncoding = 4; lastKnownFileType = sourcecode.c.objc; path = ViewUtils.m; sourceTree = "<group>"; };
		CD84A002188445DE00C4EA91 /* AsyncImageView.h */ = {isa = PBXFileReference; fileEncoding = 4; lastKnownFileType = sourcecode.c.h; path = AsyncImageView.h; sourceTree = "<group>"; };
		CD84A003188445DE00C4EA91 /* AsyncImageView.m */ = {isa = PBXFileReference; fileEncoding = 4; lastKnownFileType = sourcecode.c.objc; path = AsyncImageView.m; sourceTree = "<group>"; };
		CD84A006188445DE00C4EA91 /* LogoImageView.h */ = {isa = PBXFileReference; fileEncoding = 4; lastKnownFileType = sourcecode.c.h; path = LogoImageView.h; sourceTree = "<group>"; };
		CD84A007188445DE00C4EA91 /* LogoImageView.m */ = {isa = PBXFileReference; fileEncoding = 4; lastKnownFileType = sourcecode.c.objc; path = LogoImageView.m; sourceTree = "<group>"; };
		CD84A024188445DE00C4EA91 /* UITableViewCellRefreshProtocol.h */ = {isa = PBXFileReference; fileEncoding = 4; lastKnownFileType = sourcecode.c.h; path = UITableViewCellRefreshProtocol.h; sourceTree = "<group>"; };
		CD84A02C188445DE00C4EA91 /* ZoomView.h */ = {isa = PBXFileReference; fileEncoding = 4; lastKnownFileType = sourcecode.c.h; path = ZoomView.h; sourceTree = "<group>"; };
		CD84A02D188445DE00C4EA91 /* ZoomView.m */ = {isa = PBXFileReference; fileEncoding = 4; lastKnownFileType = sourcecode.c.objc; path = ZoomView.m; sourceTree = "<group>"; };
		CD84A12D1885969C00C4EA91 /* UploadImage.h */ = {isa = PBXFileReference; fileEncoding = 4; lastKnownFileType = sourcecode.c.h; path = UploadImage.h; sourceTree = "<group>"; };
		CD84A12E1885969C00C4EA91 /* UploadImage.m */ = {isa = PBXFileReference; fileEncoding = 4; lastKnownFileType = sourcecode.c.objc; path = UploadImage.m; sourceTree = "<group>"; };
		CD84A130188596E100C4EA91 /* GeneralResponse.h */ = {isa = PBXFileReference; fileEncoding = 4; lastKnownFileType = sourcecode.c.h; path = GeneralResponse.h; sourceTree = "<group>"; };
		CD84A131188596E100C4EA91 /* GeneralResponse.m */ = {isa = PBXFileReference; fileEncoding = 4; lastKnownFileType = sourcecode.c.objc; path = GeneralResponse.m; sourceTree = "<group>"; };
		CD84A13318859AB400C4EA91 /* icon@2x.png */ = {isa = PBXFileReference; lastKnownFileType = image.png; path = "icon@2x.png"; sourceTree = "<group>"; };
		CD84A13418859AB400C4EA91 /* icon.png */ = {isa = PBXFileReference; lastKnownFileType = image.png; path = icon.png; sourceTree = "<group>"; };
		CD84A13518859AB400C4EA91 /* iTunesArtwork */ = {isa = PBXFileReference; lastKnownFileType = file; path = iTunesArtwork; sourceTree = "<group>"; };
		CD84A13618859AB400C4EA91 /* iTunesArtwork.png */ = {isa = PBXFileReference; lastKnownFileType = image.png; path = iTunesArtwork.png; sourceTree = "<group>"; };
		CD84A13718859AB400C4EA91 /* Default@2x.png */ = {isa = PBXFileReference; lastKnownFileType = image.png; path = "Default@2x.png"; sourceTree = "<group>"; };
		CD84A13818859AB400C4EA91 /* Default-568h@2x.png */ = {isa = PBXFileReference; lastKnownFileType = image.png; path = "Default-568h@2x.png"; sourceTree = "<group>"; };
		CD8607441600EB4A003B9C39 /* blueArrowForFooter.png */ = {isa = PBXFileReference; lastKnownFileType = image.png; path = blueArrowForFooter.png; sourceTree = "<group>"; };
		CD8607451600EB4A003B9C39 /* blueArrowForFooter@2x.png */ = {isa = PBXFileReference; lastKnownFileType = image.png; path = "blueArrowForFooter@2x.png"; sourceTree = "<group>"; };
		CD8607461600EB4A003B9C39 /* blueArrowForHeader.png */ = {isa = PBXFileReference; lastKnownFileType = image.png; path = blueArrowForHeader.png; sourceTree = "<group>"; };
		CD8607471600EB4A003B9C39 /* blueArrowForHeader@2x.png */ = {isa = PBXFileReference; lastKnownFileType = image.png; path = "blueArrowForHeader@2x.png"; sourceTree = "<group>"; };
		CD8607481600EB4A003B9C39 /* EGORefreshTableHeaderView.h */ = {isa = PBXFileReference; fileEncoding = 4; lastKnownFileType = sourcecode.c.h; path = EGORefreshTableHeaderView.h; sourceTree = "<group>"; };
		CD8607491600EB4A003B9C39 /* EGORefreshTableHeaderView.m */ = {isa = PBXFileReference; fileEncoding = 4; lastKnownFileType = sourcecode.c.objc; path = EGORefreshTableHeaderView.m; sourceTree = "<group>"; };
		CD86074A1600EB4A003B9C39 /* EGORefreshTableFooterView.h */ = {isa = PBXFileReference; fileEncoding = 4; lastKnownFileType = sourcecode.c.h; path = EGORefreshTableFooterView.h; sourceTree = "<group>"; };
		CD86074B1600EB4A003B9C39 /* EGORefreshTableFooterView.m */ = {isa = PBXFileReference; fileEncoding = 4; lastKnownFileType = sourcecode.c.objc; path = EGORefreshTableFooterView.m; sourceTree = "<group>"; };
		CD8607531600ED62003B9C39 /* FullyLoaded.h */ = {isa = PBXFileReference; fileEncoding = 4; lastKnownFileType = sourcecode.c.h; path = FullyLoaded.h; sourceTree = "<group>"; };
		CD8607541600ED62003B9C39 /* FullyLoaded.m */ = {isa = PBXFileReference; fileEncoding = 4; lastKnownFileType = sourcecode.c.objc; path = FullyLoaded.m; sourceTree = "<group>"; };
		CD8607551600ED62003B9C39 /* SynthesizeSingleton.h */ = {isa = PBXFileReference; fileEncoding = 4; lastKnownFileType = sourcecode.c.h; path = SynthesizeSingleton.h; sourceTree = "<group>"; };
		CD8637F315F4F7CD00558623 /* URLConfig.json */ = {isa = PBXFileReference; fileEncoding = 4; lastKnownFileType = text.json; path = URLConfig.json; sourceTree = "<group>"; };
		CD8B7543188BCF82009E7020 /* RootTableViewController.h */ = {isa = PBXFileReference; fileEncoding = 4; lastKnownFileType = sourcecode.c.h; path = RootTableViewController.h; sourceTree = "<group>"; };
		CD8B7544188BCF82009E7020 /* RootTableViewController.m */ = {isa = PBXFileReference; fileEncoding = 4; lastKnownFileType = sourcecode.c.objc; path = RootTableViewController.m; sourceTree = "<group>"; };
		CD8B7546188BCFD7009E7020 /* LoginTableViewController.h */ = {isa = PBXFileReference; fileEncoding = 4; lastKnownFileType = sourcecode.c.h; path = LoginTableViewController.h; sourceTree = "<group>"; };
		CD8B7547188BCFD7009E7020 /* LoginTableViewController.m */ = {isa = PBXFileReference; fileEncoding = 4; lastKnownFileType = sourcecode.c.objc; path = LoginTableViewController.m; sourceTree = "<group>"; };
		CD8B754C188BD078009E7020 /* InputTableViewCellDelegate.h */ = {isa = PBXFileReference; fileEncoding = 4; lastKnownFileType = sourcecode.c.h; name = InputTableViewCellDelegate.h; path = ../../../../52malls/52Malls/Views/TableViewCells/InputTableViewCellDelegate.h; sourceTree = "<group>"; };
		CD8B754D188BD078009E7020 /* CustomInputTableViewCell.h */ = {isa = PBXFileReference; fileEncoding = 4; lastKnownFileType = sourcecode.c.h; name = CustomInputTableViewCell.h; path = ../../../../52malls/52Malls/Views/TableViewCells/CustomInputTableViewCell.h; sourceTree = "<group>"; };
		CD8B754E188BD078009E7020 /* CustomInputTableViewCell.m */ = {isa = PBXFileReference; fileEncoding = 4; lastKnownFileType = sourcecode.c.objc; name = CustomInputTableViewCell.m; path = ../../../../52malls/52Malls/Views/TableViewCells/CustomInputTableViewCell.m; sourceTree = "<group>"; };
		CD8B754F188BD078009E7020 /* DateInputTableViewCell.h */ = {isa = PBXFileReference; fileEncoding = 4; lastKnownFileType = sourcecode.c.h; name = DateInputTableViewCell.h; path = ../../../../52malls/52Malls/Views/TableViewCells/DateInputTableViewCell.h; sourceTree = "<group>"; };
		CD8B7550188BD078009E7020 /* DateInputTableViewCell.m */ = {isa = PBXFileReference; fileEncoding = 4; lastKnownFileType = sourcecode.c.objc; name = DateInputTableViewCell.m; path = ../../../../52malls/52Malls/Views/TableViewCells/DateInputTableViewCell.m; sourceTree = "<group>"; };
		CD8B7551188BD078009E7020 /* IntegerInputTableViewCell.h */ = {isa = PBXFileReference; fileEncoding = 4; lastKnownFileType = sourcecode.c.h; name = IntegerInputTableViewCell.h; path = ../../../../52malls/52Malls/Views/TableViewCells/IntegerInputTableViewCell.h; sourceTree = "<group>"; };
		CD8B7552188BD078009E7020 /* IntegerInputTableViewCell.m */ = {isa = PBXFileReference; fileEncoding = 4; lastKnownFileType = sourcecode.c.objc; name = IntegerInputTableViewCell.m; path = ../../../../52malls/52Malls/Views/TableViewCells/IntegerInputTableViewCell.m; sourceTree = "<group>"; };
		CD8B7553188BD078009E7020 /* PickerInputTableViewCell.h */ = {isa = PBXFileReference; fileEncoding = 4; lastKnownFileType = sourcecode.c.h; name = PickerInputTableViewCell.h; path = ../../../../52malls/52Malls/Views/TableViewCells/PickerInputTableViewCell.h; sourceTree = "<group>"; };
		CD8B7554188BD078009E7020 /* PickerInputTableViewCell.m */ = {isa = PBXFileReference; fileEncoding = 4; lastKnownFileType = sourcecode.c.objc; name = PickerInputTableViewCell.m; path = ../../../../52malls/52Malls/Views/TableViewCells/PickerInputTableViewCell.m; sourceTree = "<group>"; };
		CD8B7555188BD078009E7020 /* SimplePickerInputTableViewCell.h */ = {isa = PBXFileReference; fileEncoding = 4; lastKnownFileType = sourcecode.c.h; name = SimplePickerInputTableViewCell.h; path = ../../../../52malls/52Malls/Views/TableViewCells/SimplePickerInputTableViewCell.h; sourceTree = "<group>"; };
		CD8B7556188BD078009E7020 /* SimplePickerInputTableViewCell.m */ = {isa = PBXFileReference; fileEncoding = 4; lastKnownFileType = sourcecode.c.objc; name = SimplePickerInputTableViewCell.m; path = ../../../../52malls/52Malls/Views/TableViewCells/SimplePickerInputTableViewCell.m; sourceTree = "<group>"; };
		CD8B7557188BD078009E7020 /* StringInputTableViewCell.h */ = {isa = PBXFileReference; fileEncoding = 4; lastKnownFileType = sourcecode.c.h; name = StringInputTableViewCell.h; path = ../../../../52malls/52Malls/Views/TableViewCells/StringInputTableViewCell.h; sourceTree = "<group>"; };
		CD8B7558188BD078009E7020 /* StringInputTableViewCell.m */ = {isa = PBXFileReference; fileEncoding = 4; lastKnownFileType = sourcecode.c.objc; name = StringInputTableViewCell.m; path = ../../../../52malls/52Malls/Views/TableViewCells/StringInputTableViewCell.m; sourceTree = "<group>"; };
		CD8B7559188BD078009E7020 /* StringMutipleInputTableViewCell.h */ = {isa = PBXFileReference; fileEncoding = 4; lastKnownFileType = sourcecode.c.h; name = StringMutipleInputTableViewCell.h; path = ../../../../52malls/52Malls/Views/TableViewCells/StringMutipleInputTableViewCell.h; sourceTree = "<group>"; };
		CD8B755A188BD078009E7020 /* StringMutipleInputTableViewCell.m */ = {isa = PBXFileReference; fileEncoding = 4; lastKnownFileType = sourcecode.c.objc; name = StringMutipleInputTableViewCell.m; path = ../../../../52malls/52Malls/Views/TableViewCells/StringMutipleInputTableViewCell.m; sourceTree = "<group>"; };
		CD8B755B188BD078009E7020 /* NumberStringInputTableViewCell.h */ = {isa = PBXFileReference; fileEncoding = 4; lastKnownFileType = sourcecode.c.h; name = NumberStringInputTableViewCell.h; path = ../../../../52malls/52Malls/Views/TableViewCells/NumberStringInputTableViewCell.h; sourceTree = "<group>"; };
		CD8B755C188BD078009E7020 /* NumberStringInputTableViewCell.m */ = {isa = PBXFileReference; fileEncoding = 4; lastKnownFileType = sourcecode.c.objc; name = NumberStringInputTableViewCell.m; path = ../../../../52malls/52Malls/Views/TableViewCells/NumberStringInputTableViewCell.m; sourceTree = "<group>"; };
		CD8B755D188BD078009E7020 /* CityPickerInputTableViewCell.h */ = {isa = PBXFileReference; fileEncoding = 4; lastKnownFileType = sourcecode.c.h; name = CityPickerInputTableViewCell.h; path = ../../../../52malls/52Malls/Views/TableViewCells/CityPickerInputTableViewCell.h; sourceTree = "<group>"; };
		CD8B755E188BD078009E7020 /* CityPickerInputTableViewCell.m */ = {isa = PBXFileReference; fileEncoding = 4; lastKnownFileType = sourcecode.c.objc; name = CityPickerInputTableViewCell.m; path = ../../../../52malls/52Malls/Views/TableViewCells/CityPickerInputTableViewCell.m; sourceTree = "<group>"; };
		CD8B755F188BD078009E7020 /* CategoryPickerInputTableViewCell.h */ = {isa = PBXFileReference; fileEncoding = 4; lastKnownFileType = sourcecode.c.h; name = CategoryPickerInputTableViewCell.h; path = ../../../../52malls/52Malls/Views/TableViewCells/CategoryPickerInputTableViewCell.h; sourceTree = "<group>"; };
		CD8B7560188BD078009E7020 /* CategoryPickerInputTableViewCell.m */ = {isa = PBXFileReference; fileEncoding = 4; lastKnownFileType = sourcecode.c.objc; name = CategoryPickerInputTableViewCell.m; path = ../../../../52malls/52Malls/Views/TableViewCells/CategoryPickerInputTableViewCell.m; sourceTree = "<group>"; };
		CD8B7561188BD078009E7020 /* CenterPickerInputTableViewCell.h */ = {isa = PBXFileReference; fileEncoding = 4; lastKnownFileType = sourcecode.c.h; name = CenterPickerInputTableViewCell.h; path = ../../../../52malls/52Malls/Views/TableViewCells/CenterPickerInputTableViewCell.h; sourceTree = "<group>"; };
		CD8B7562188BD078009E7020 /* CenterPickerInputTableViewCell.m */ = {isa = PBXFileReference; fileEncoding = 4; lastKnownFileType = sourcecode.c.objc; name = CenterPickerInputTableViewCell.m; path = ../../../../52malls/52Malls/Views/TableViewCells/CenterPickerInputTableViewCell.m; sourceTree = "<group>"; };
		CD8B756E188BD832009E7020 /* wjh-220@2x.png */ = {isa = PBXFileReference; lastKnownFileType = image.png; path = "wjh-220@2x.png"; sourceTree = "<group>"; };
		CD8B756F188BD832009E7020 /* wjh-220.png */ = {isa = PBXFileReference; lastKnownFileType = image.png; path = "wjh-220.png"; sourceTree = "<group>"; };
		CD8B7572188BF0AA009E7020 /* register.png */ = {isa = PBXFileReference; lastKnownFileType = image.png; path = register.png; sourceTree = "<group>"; };
		CD8B7573188BF0AA009E7020 /* login.png */ = {isa = PBXFileReference; lastKnownFileType = image.png; path = login.png; sourceTree = "<group>"; };
		CD8B7574188BF0AA009E7020 /* register@2x.png */ = {isa = PBXFileReference; lastKnownFileType = image.png; path = "register@2x.png"; sourceTree = "<group>"; };
		CD8B7575188BF0AA009E7020 /* login@2x.png */ = {isa = PBXFileReference; lastKnownFileType = image.png; path = "login@2x.png"; sourceTree = "<group>"; };
		CD8C6F66188C2BEE000EAE12 /* WJH-Prefix.pch */ = {isa = PBXFileReference; fileEncoding = 4; lastKnownFileType = sourcecode.c.h; path = "WJH-Prefix.pch"; sourceTree = "<group>"; };
		CD8C6F67189544E0000EAE12 /* RegisterTableViewController.m */ = {isa = PBXFileReference; fileEncoding = 4; lastKnownFileType = sourcecode.c.objc; path = RegisterTableViewController.m; sourceTree = "<group>"; };
		CD8C6F68189544E0000EAE12 /* RegisterTableViewController.storyboard */ = {isa = PBXFileReference; fileEncoding = 4; lastKnownFileType = file.storyboard; path = RegisterTableViewController.storyboard; sourceTree = "<group>"; };
		CD8C6F69189544E0000EAE12 /* RegisterTableViewController.h */ = {isa = PBXFileReference; fileEncoding = 4; lastKnownFileType = sourcecode.c.h; path = RegisterTableViewController.h; sourceTree = "<group>"; };
		CD9FD2EF15F7AA5900AE22FB /* QuartzCore.framework */ = {isa = PBXFileReference; lastKnownFileType = wrapper.framework; name = QuartzCore.framework; path = System/Library/Frameworks/QuartzCore.framework; sourceTree = SDKROOT; };
		CDBCA719167DA36C00BD8B40 /* XCDFormInputAccessoryView.h */ = {isa = PBXFileReference; fileEncoding = 4; lastKnownFileType = sourcecode.c.h; path = XCDFormInputAccessoryView.h; sourceTree = "<group>"; };
		CDBCA71A167DA36C00BD8B40 /* XCDFormInputAccessoryView.m */ = {isa = PBXFileReference; fileEncoding = 4; lastKnownFileType = sourcecode.c.objc; path = XCDFormInputAccessoryView.m; sourceTree = "<group>"; };
/* End PBXFileReference section */

/* Begin PBXFrameworksBuildPhase section */
		181B19F915EDF9FD00B67BDF /* Frameworks */ = {
			isa = PBXFrameworksBuildPhase;
			buildActionMask = 2147483647;
			files = (
				CD9FD2F015F7AA5900AE22FB /* QuartzCore.framework in Frameworks */,
				CD9FD2EE15F7AA5200AE22FB /* Security.framework in Frameworks */,
				181B1A8C15EF196D00B67BDF /* libicucore.dylib in Frameworks */,
				181B1A6D15EDFBC800B67BDF /* MobileCoreServices.framework in Frameworks */,
				181B1A6915EDFBA400B67BDF /* SystemConfiguration.framework in Frameworks */,
				181B1A6515EDFB5100B67BDF /* libz.dylib in Frameworks */,
				181B1A5715EDFAAC00B67BDF /* CFNetwork.framework in Frameworks */,
				181B1A0115EDF9FE00B67BDF /* UIKit.framework in Frameworks */,
				181B1A0315EDF9FE00B67BDF /* Foundation.framework in Frameworks */,
				181B1A0515EDF9FE00B67BDF /* CoreGraphics.framework in Frameworks */,
				CD8CD01016AED2A400F831BD /* AssetsLibrary.framework in Frameworks */,
			);
			runOnlyForDeploymentPostprocessing = 0;
		};
/* End PBXFrameworksBuildPhase section */

/* Begin PBXGroup section */
		181B19F115EDF9FD00B67BDF = {
			isa = PBXGroup;
			children = (
				CD8637F215F4F7CD00558623 /* Resources */,
				CD849E69188445DD00C4EA91 /* Classes */,
				181B1A2015EDFA1B00B67BDF /* Library */,
				181B19FF15EDF9FE00B67BDF /* Frameworks */,
				181B19FD15EDF9FE00B67BDF /* Products */,
			);
			sourceTree = "<group>";
		};
		181B19FD15EDF9FE00B67BDF /* Products */ = {
			isa = PBXGroup;
			children = (
				181B19FC15EDF9FE00B67BDF /* WJH.app */,
			);
			name = Products;
			sourceTree = "<group>";
		};
		181B19FF15EDF9FE00B67BDF /* Frameworks */ = {
			isa = PBXGroup;
			children = (
				CD6415281678B2540001C6BB /* AssetsLibrary.framework */,
				CD9FD2EF15F7AA5900AE22FB /* QuartzCore.framework */,
				181B1A6C15EDFBC800B67BDF /* MobileCoreServices.framework */,
				181B1A6A15EDFBBC00B67BDF /* Security.framework */,
				181B1A6815EDFBA400B67BDF /* SystemConfiguration.framework */,
				181B1A5615EDFAAC00B67BDF /* CFNetwork.framework */,
				181B1A0015EDF9FE00B67BDF /* UIKit.framework */,
				181B1A0215EDF9FE00B67BDF /* Foundation.framework */,
				181B1A0415EDF9FE00B67BDF /* CoreGraphics.framework */,
				181B1A6415EDFB5100B67BDF /* libz.dylib */,
				181B1A8B15EF196D00B67BDF /* libicucore.dylib */,
			);
			name = Frameworks;
			sourceTree = "<group>";
		};
		181B1A2015EDFA1B00B67BDF /* Library */ = {
			isa = PBXGroup;
			children = (
				CDBCA718167DA36C00BD8B40 /* XCDFormInputAccessoryView */,
				CD4F90A21674D2AA00E8D947 /* DAKeyboardControl */,
				CD8607521600ED62003B9C39 /* FullyLoaded */,
				CD8607421600EB3C003B9C39 /* EGORefreshView */,
				181B1A2115EDFA1B00B67BDF /* ASIHTTPRequest */,
				181B1A3915EDFA1B00B67BDF /* JSON */,
				181B1A7B15EF163700B67BDF /* RegexKitLite.h */,
				181B1A7C15EF163700B67BDF /* RegexKitLite.m */,
				181B1A7D15EF163700B67BDF /* JSONKit.h */,
				181B1A7E15EF163700B67BDF /* JSONKit.m */,
			);
			path = Library;
			sourceTree = "<group>";
		};
		181B1A2115EDFA1B00B67BDF /* ASIHTTPRequest */ = {
			isa = PBXGroup;
			children = (
				181B1A2215EDFA1B00B67BDF /* ASIAuthenticationDialog.h */,
				181B1A2315EDFA1B00B67BDF /* ASIAuthenticationDialog.m */,
				181B1A2415EDFA1B00B67BDF /* ASICacheDelegate.h */,
				181B1A2515EDFA1B00B67BDF /* ASIDataCompressor.h */,
				181B1A2615EDFA1B00B67BDF /* ASIDataCompressor.m */,
				181B1A2715EDFA1B00B67BDF /* ASIDataDecompressor.h */,
				181B1A2815EDFA1B00B67BDF /* ASIDataDecompressor.m */,
				181B1A2915EDFA1B00B67BDF /* ASIDownloadCache.h */,
				181B1A2A15EDFA1B00B67BDF /* ASIDownloadCache.m */,
				181B1A2B15EDFA1B00B67BDF /* ASIFormDataRequest.h */,
				181B1A2C15EDFA1B00B67BDF /* ASIFormDataRequest.m */,
				181B1A2D15EDFA1B00B67BDF /* ASIHTTPRequest.h */,
				181B1A2E15EDFA1B00B67BDF /* ASIHTTPRequest.m */,
				181B1A2F15EDFA1B00B67BDF /* ASIHTTPRequestConfig.h */,
				181B1A3015EDFA1B00B67BDF /* ASIHTTPRequestDelegate.h */,
				181B1A3115EDFA1B00B67BDF /* ASIInputStream.h */,
				181B1A3215EDFA1B00B67BDF /* ASIInputStream.m */,
				181B1A3315EDFA1B00B67BDF /* ASINetworkQueue.h */,
				181B1A3415EDFA1B00B67BDF /* ASINetworkQueue.m */,
				181B1A3515EDFA1B00B67BDF /* ASIProgressDelegate.h */,
				181B1A3615EDFA1B00B67BDF /* Reachability */,
			);
			path = ASIHTTPRequest;
			sourceTree = "<group>";
		};
		181B1A3615EDFA1B00B67BDF /* Reachability */ = {
			isa = PBXGroup;
			children = (
				181B1A3715EDFA1B00B67BDF /* Reachability.h */,
				181B1A3815EDFA1B00B67BDF /* Reachability.m */,
			);
			path = Reachability;
			sourceTree = "<group>";
		};
		181B1A3915EDFA1B00B67BDF /* JSON */ = {
			isa = PBXGroup;
			children = (
				181B1A3A15EDFA1B00B67BDF /* JSON.h */,
				181B1A3B15EDFA1B00B67BDF /* NSObject+SBJSON.h */,
				181B1A3C15EDFA1B00B67BDF /* NSObject+SBJSON.m */,
				181B1A3D15EDFA1B00B67BDF /* NSString+SBJSON.h */,
				181B1A3E15EDFA1B00B67BDF /* NSString+SBJSON.m */,
				181B1A3F15EDFA1B00B67BDF /* SBJSON.h */,
				181B1A4015EDFA1B00B67BDF /* SBJSON.m */,
				181B1A4115EDFA1B00B67BDF /* SBJsonBase.h */,
				181B1A4215EDFA1B00B67BDF /* SBJsonBase.m */,
				181B1A4315EDFA1B00B67BDF /* SBJsonParser.h */,
				181B1A4415EDFA1B00B67BDF /* SBJsonParser.m */,
				181B1A4515EDFA1B00B67BDF /* SBJsonWriter.h */,
				181B1A4615EDFA1B00B67BDF /* SBJsonWriter.m */,
			);
			path = JSON;
			sourceTree = "<group>";
		};
		CD0BA5031886EB33003BADD4 /* tabbar */ = {
			isa = PBXGroup;
			children = (
				CD0BA5041886EB33003BADD4 /* tab1@2x.png */,
				CD0BA5051886EB33003BADD4 /* tab1_s@2x.png */,
				CD0BA5061886EB33003BADD4 /* tab2@2x.png */,
				CD0BA5071886EB33003BADD4 /* tab2_s@2x.png */,
				CD0BA5081886EB33003BADD4 /* tab3@2x.png */,
				CD0BA5091886EB33003BADD4 /* tab3_s@2x.png */,
			);
			path = tabbar;
			sourceTree = "<group>";
		};
		CD4F90A21674D2AA00E8D947 /* DAKeyboardControl */ = {
			isa = PBXGroup;
			children = (
				CD4F90A31674D2AA00E8D947 /* DAKeyboardControl.h */,
				CD4F90A41674D2AA00E8D947 /* DAKeyboardControl.m */,
			);
			path = DAKeyboardControl;
			sourceTree = "<group>";
		};
		CD849E69188445DD00C4EA91 /* Classes */ = {
			isa = PBXGroup;
			children = (
				CD849E6A188445DD00C4EA91 /* Controllers */,
				CD849F90188445DE00C4EA91 /* HTTP */,
				CD849FCE188445DE00C4EA91 /* Supporting Files */,
				CD849FE9188445DE00C4EA91 /* Tools */,
				CD84A001188445DE00C4EA91 /* Views */,
			);
			path = Classes;
			sourceTree = "<group>";
		};
		CD849E6A188445DD00C4EA91 /* Controllers */ = {
			isa = PBXGroup;
			children = (
				CD849EB0188445DD00C4EA91 /* RootViewController.h */,
				CD849EB1188445DD00C4EA91 /* RootViewController.m */,
				CD8B7543188BCF82009E7020 /* RootTableViewController.h */,
				CD8B7544188BCF82009E7020 /* RootTableViewController.m */,
				CD0BA5001886E489003BADD4 /* SSNavigationController.h */,
				CD0BA5011886E489003BADD4 /* SSNavigationController.m */,
				CD0BA4F11886E1AD003BADD4 /* MainTabViewController.h */,
				CD0BA4F21886E1AD003BADD4 /* MainTabViewController.m */,
				CD0BA4F31886E1AD003BADD4 /* MainTabViewController.xib */,
				CD0BA4F61886E1F4003BADD4 /* PersonalTabViewController.h */,
				CD0BA4F71886E1F4003BADD4 /* PersonalTabViewController.m */,
				CD0BA4F81886E1F4003BADD4 /* PersonalTabViewController.xib */,
				CD0BA4FB1886E3F1003BADD4 /* SettingTabViewController.h */,
				CD0BA4FC1886E3F1003BADD4 /* SettingTabViewController.m */,
				CD0BA4FD1886E3F1003BADD4 /* SettingTabViewController.xib */,
				CD8B7546188BCFD7009E7020 /* LoginTableViewController.h */,
				CD8B7547188BCFD7009E7020 /* LoginTableViewController.m */,
				CD0E79A31895624E00AF0F25 /* LoginTableViewController.storyboard */,
				CD8C6F69189544E0000EAE12 /* RegisterTableViewController.h */,
				CD8C6F67189544E0000EAE12 /* RegisterTableViewController.m */,
				CD8C6F68189544E0000EAE12 /* RegisterTableViewController.storyboard */,
			);
			path = Controllers;
			sourceTree = "<group>";
		};
		CD849F90188445DE00C4EA91 /* HTTP */ = {
			isa = PBXGroup;
			children = (
				CD849F91188445DE00C4EA91 /* SGHTTPHelper.h */,
				CD849F92188445DE00C4EA91 /* SGHTTPHelper.m */,
				CD849F93188445DE00C4EA91 /* SGURLConfig.h */,
				CD849F94188445DE00C4EA91 /* SGURLConfig.m */,
				CD849F99188445DE00C4EA91 /* SGURLHelper.h */,
				CD849F9A188445DE00C4EA91 /* SGURLHelper.m */,
			);
			path = HTTP;
			sourceTree = "<group>";
		};
		CD849FCE188445DE00C4EA91 /* Supporting Files */ = {
			isa = PBXGroup;
			children = (
				CD849FCF188445DE00C4EA91 /* AppDelegate.h */,
				CD849FD0188445DE00C4EA91 /* AppDelegate.m */,
				CD849FD1188445DE00C4EA91 /* InfoPlist.strings */,
				CD849FE1188445DE00C4EA91 /* Localizable.strings */,
				CD849FE2188445DE00C4EA91 /* main.m */,
				CD849FE7188445DE00C4EA91 /* WJH-Info.plist */,
				CD8C6F66188C2BEE000EAE12 /* WJH-Prefix.pch */,
			);
			path = "Supporting Files";
			sourceTree = "<group>";
		};
		CD849FE9188445DE00C4EA91 /* Tools */ = {
			isa = PBXGroup;
			children = (
				CD849FEA188445DE00C4EA91 /* KeychainItemWrapper.h */,
				CD849FEB188445DE00C4EA91 /* KeychainItemWrapper.m */,
				CD849FEC188445DE00C4EA91 /* MBProgressHUD.h */,
				CD849FED188445DE00C4EA91 /* MBProgressHUD.m */,
				CD849FEE188445DE00C4EA91 /* MyUserDefaults.h */,
				CD849FEF188445DE00C4EA91 /* MyUserDefaults.m */,
				CD849FF0188445DE00C4EA91 /* NSString+NSDate.h */,
				CD849FF1188445DE00C4EA91 /* NSString+NSDate.m */,
				CD849FF2188445DE00C4EA91 /* Pinyin.c */,
				CD849FF3188445DE00C4EA91 /* Pinyin.h */,
				CD849FF4188445DE00C4EA91 /* Pinyin.m */,
				CD849FF5188445DE00C4EA91 /* RawDataCache.h */,
				CD849FF6188445DE00C4EA91 /* RawDataCache.m */,
				CD849FF7188445DE00C4EA91 /* SSColor.h */,
				CD849FF8188445DE00C4EA91 /* SSColor.m */,
				CD849FF9188445DE00C4EA91 /* SSParser.h */,
				CD849FFA188445DE00C4EA91 /* SSParser.m */,
				CD849FFB188445DE00C4EA91 /* Tools.h */,
				CD849FFC188445DE00C4EA91 /* Tools.m */,
				CD849FFD188445DE00C4EA91 /* UserInfoKeyChain.h */,
				CD849FFE188445DE00C4EA91 /* UserInfoKeyChain.m */,
				CD849FFF188445DE00C4EA91 /* ViewUtils.h */,
				CD84A000188445DE00C4EA91 /* ViewUtils.m */,
			);
			path = Tools;
			sourceTree = "<group>";
		};
		CD84A001188445DE00C4EA91 /* Views */ = {
			isa = PBXGroup;
			children = (
				CD8B754B188BD068009E7020 /* TableViewCells */,
				CD84A002188445DE00C4EA91 /* AsyncImageView.h */,
				CD84A003188445DE00C4EA91 /* AsyncImageView.m */,
				CD84A006188445DE00C4EA91 /* LogoImageView.h */,
				CD84A007188445DE00C4EA91 /* LogoImageView.m */,
				CD84A12D1885969C00C4EA91 /* UploadImage.h */,
				CD84A12E1885969C00C4EA91 /* UploadImage.m */,
				CD84A130188596E100C4EA91 /* GeneralResponse.h */,
				CD84A131188596E100C4EA91 /* GeneralResponse.m */,
				CD84A024188445DE00C4EA91 /* UITableViewCellRefreshProtocol.h */,
				CD84A02C188445DE00C4EA91 /* ZoomView.h */,
				CD84A02D188445DE00C4EA91 /* ZoomView.m */,
			);
			path = Views;
			sourceTree = "<group>";
		};
		CD8607421600EB3C003B9C39 /* EGORefreshView */ = {
			isa = PBXGroup;
			children = (
				CD8607441600EB4A003B9C39 /* blueArrowForFooter.png */,
				CD8607451600EB4A003B9C39 /* blueArrowForFooter@2x.png */,
				CD8607461600EB4A003B9C39 /* blueArrowForHeader.png */,
				CD8607471600EB4A003B9C39 /* blueArrowForHeader@2x.png */,
				CD8607481600EB4A003B9C39 /* EGORefreshTableHeaderView.h */,
				CD8607491600EB4A003B9C39 /* EGORefreshTableHeaderView.m */,
				CD86074A1600EB4A003B9C39 /* EGORefreshTableFooterView.h */,
				CD86074B1600EB4A003B9C39 /* EGORefreshTableFooterView.m */,
			);
			path = EGORefreshView;
			sourceTree = "<group>";
		};
		CD8607521600ED62003B9C39 /* FullyLoaded */ = {
			isa = PBXGroup;
			children = (
				CD8607531600ED62003B9C39 /* FullyLoaded.h */,
				CD8607541600ED62003B9C39 /* FullyLoaded.m */,
				CD8607551600ED62003B9C39 /* SynthesizeSingleton.h */,
			);
			path = FullyLoaded;
			sourceTree = "<group>";
		};
		CD8637F215F4F7CD00558623 /* Resources */ = {
			isa = PBXGroup;
			children = (
				CDA1D68F15FA401900FA6E31 /* images */,
				CD8637FD15F4FBF300558623 /* icon */,
				CD8637F315F4F7CD00558623 /* URLConfig.json */,
			);
			path = Resources;
			sourceTree = "<group>";
		};
		CD8637FD15F4FBF300558623 /* icon */ = {
			isa = PBXGroup;
			children = (
				CD84A13318859AB400C4EA91 /* icon@2x.png */,
				CD84A13418859AB400C4EA91 /* icon.png */,
				CD84A13518859AB400C4EA91 /* iTunesArtwork */,
				CD0C3A96188BC0FF0053AE25 /* icon-120.png */,
				CD0C3A9A188BC1AA0053AE25 /* icon-80.png */,
				CD0C3A9B188BC1AA0053AE25 /* icon-58.png */,
				CD0C3A9C188BC1AA0053AE25 /* icon-29.png */,
				CD0C3A97188BC0FF0053AE25 /* Default.png */,
				CD84A13618859AB400C4EA91 /* iTunesArtwork.png */,
				CD84A13718859AB400C4EA91 /* Default@2x.png */,
				CD84A13818859AB400C4EA91 /* Default-568h@2x.png */,
			);
			path = icon;
			sourceTree = "<group>";
		};
		CD8B754B188BD068009E7020 /* TableViewCells */ = {
			isa = PBXGroup;
			children = (
				CD8B754C188BD078009E7020 /* InputTableViewCellDelegate.h */,
				CD8B754D188BD078009E7020 /* CustomInputTableViewCell.h */,
				CD8B754E188BD078009E7020 /* CustomInputTableViewCell.m */,
				CD8B754F188BD078009E7020 /* DateInputTableViewCell.h */,
				CD8B7550188BD078009E7020 /* DateInputTableViewCell.m */,
				CD8B7551188BD078009E7020 /* IntegerInputTableViewCell.h */,
				CD8B7552188BD078009E7020 /* IntegerInputTableViewCell.m */,
				CD8B7553188BD078009E7020 /* PickerInputTableViewCell.h */,
				CD8B7554188BD078009E7020 /* PickerInputTableViewCell.m */,
				CD8B7555188BD078009E7020 /* SimplePickerInputTableViewCell.h */,
				CD8B7556188BD078009E7020 /* SimplePickerInputTableViewCell.m */,
				CD8B7557188BD078009E7020 /* StringInputTableViewCell.h */,
				CD8B7558188BD078009E7020 /* StringInputTableViewCell.m */,
				CD8B7559188BD078009E7020 /* StringMutipleInputTableViewCell.h */,
				CD8B755A188BD078009E7020 /* StringMutipleInputTableViewCell.m */,
				CD8B755B188BD078009E7020 /* NumberStringInputTableViewCell.h */,
				CD8B755C188BD078009E7020 /* NumberStringInputTableViewCell.m */,
				CD8B755D188BD078009E7020 /* CityPickerInputTableViewCell.h */,
				CD8B755E188BD078009E7020 /* CityPickerInputTableViewCell.m */,
				CD8B755F188BD078009E7020 /* CategoryPickerInputTableViewCell.h */,
				CD8B7560188BD078009E7020 /* CategoryPickerInputTableViewCell.m */,
				CD8B7561188BD078009E7020 /* CenterPickerInputTableViewCell.h */,
				CD8B7562188BD078009E7020 /* CenterPickerInputTableViewCell.m */,
			);
			path = TableViewCells;
			sourceTree = "<group>";
		};
		CDA1D68F15FA401900FA6E31 /* images */ = {
			isa = PBXGroup;
			children = (
				CD8B7572188BF0AA009E7020 /* register.png */,
				CD8B7573188BF0AA009E7020 /* login.png */,
				CD8B7574188BF0AA009E7020 /* register@2x.png */,
				CD8B7575188BF0AA009E7020 /* login@2x.png */,
				CD8B756E188BD832009E7020 /* wjh-220@2x.png */,
				CD8B756F188BD832009E7020 /* wjh-220.png */,
				CD0BA5031886EB33003BADD4 /* tabbar */,
			);
			path = images;
			sourceTree = "<group>";
		};
		CDBCA718167DA36C00BD8B40 /* XCDFormInputAccessoryView */ = {
			isa = PBXGroup;
			children = (
				CDBCA719167DA36C00BD8B40 /* XCDFormInputAccessoryView.h */,
				CDBCA71A167DA36C00BD8B40 /* XCDFormInputAccessoryView.m */,
			);
			path = XCDFormInputAccessoryView;
			sourceTree = "<group>";
		};
/* End PBXGroup section */

/* Begin PBXNativeTarget section */
		181B19FB15EDF9FD00B67BDF /* WJH */ = {
			isa = PBXNativeTarget;
			buildConfigurationList = 181B1A1D15EDF9FE00B67BDF /* Build configuration list for PBXNativeTarget "WJH" */;
			buildPhases = (
				181B19F815EDF9FD00B67BDF /* Sources */,
				181B19F915EDF9FD00B67BDF /* Frameworks */,
				181B19FA15EDF9FD00B67BDF /* Resources */,
			);
			buildRules = (
			);
			dependencies = (
			);
			name = WJH;
			productName = TestSG;
			productReference = 181B19FC15EDF9FE00B67BDF /* WJH.app */;
			productType = "com.apple.product-type.application";
		};
/* End PBXNativeTarget section */

/* Begin PBXProject section */
		181B19F315EDF9FD00B67BDF /* Project object */ = {
			isa = PBXProject;
			attributes = {
				LastUpgradeCheck = 0460;
				ORGANIZATIONNAME = Patrick;
			};
			buildConfigurationList = 181B19F615EDF9FD00B67BDF /* Build configuration list for PBXProject "WJH" */;
			compatibilityVersion = "Xcode 3.2";
			developmentRegion = English;
			hasScannedForEncodings = 0;
			knownRegions = (
				en,
				"zh-Hans",
			);
			mainGroup = 181B19F115EDF9FD00B67BDF;
			productRefGroup = 181B19FD15EDF9FE00B67BDF /* Products */;
			projectDirPath = "";
			projectRoot = "";
			targets = (
				181B19FB15EDF9FD00B67BDF /* WJH */,
			);
		};
/* End PBXProject section */

/* Begin PBXResourcesBuildPhase section */
		181B19FA15EDF9FD00B67BDF /* Resources */ = {
			isa = PBXResourcesBuildPhase;
			buildActionMask = 2147483647;
			files = (
				CD8637F415F4F7CD00558623 /* URLConfig.json in Resources */,
				CD0BA4F51886E1AD003BADD4 /* MainTabViewController.xib in Resources */,
				CD0BA50E1886EB33003BADD4 /* tab3@2x.png in Resources */,
				CD8C6F6B189544E0000EAE12 /* RegisterTableViewController.storyboard in Resources */,
				CD0BA50A1886EB33003BADD4 /* tab1@2x.png in Resources */,
				CD84A13B18859AB400C4EA91 /* iTunesArtwork in Resources */,
				CD8B7577188BF0AA009E7020 /* login.png in Resources */,
				CD86074C1600EB4A003B9C39 /* blueArrowForFooter.png in Resources */,
				CD86074D1600EB4A003B9C39 /* blueArrowForFooter@2x.png in Resources */,
				CD0BA50B1886EB33003BADD4 /* tab1_s@2x.png in Resources */,
				CD86074E1600EB4A003B9C39 /* blueArrowForHeader.png in Resources */,
				CD0BA50C1886EB33003BADD4 /* tab2@2x.png in Resources */,
				CD0C3A99188BC0FF0053AE25 /* Default.png in Resources */,
				CD8B7578188BF0AA009E7020 /* register@2x.png in Resources */,
				CD0C3A98188BC0FF0053AE25 /* icon-120.png in Resources */,
				CD86074F1600EB4A003B9C39 /* blueArrowForHeader@2x.png in Resources */,
				CD0BA4FF1886E3F1003BADD4 /* SettingTabViewController.xib in Resources */,
				CD0BA4FA1886E1F4003BADD4 /* PersonalTabViewController.xib in Resources */,
				CD84A0FD188445DF00C4EA91 /* InfoPlist.strings in Resources */,
				CD84A13A18859AB400C4EA91 /* icon.png in Resources */,
				CD84A13C18859AB400C4EA91 /* iTunesArtwork.png in Resources */,
				CD0BA50D1886EB33003BADD4 /* tab2_s@2x.png in Resources */,
				CD8B7570188BD832009E7020 /* wjh-220@2x.png in Resources */,
				CD84A106188445DF00C4EA91 /* Localizable.strings in Resources */,
				CD84A13D18859AB400C4EA91 /* Default@2x.png in Resources */,
				CD0E79A11895624E00AF0F25 /* LoginTableViewController.storyboard in Resources */,
				CD0C3A9F188BC1AA0053AE25 /* icon-29.png in Resources */,
				CD8B7579188BF0AA009E7020 /* login@2x.png in Resources */,
				CD84A13E18859AB400C4EA91 /* Default-568h@2x.png in Resources */,
				CD0C3A9D188BC1AA0053AE25 /* icon-80.png in Resources */,
				CD0C3A9E188BC1AA0053AE25 /* icon-58.png in Resources */,
				CD84A10B188445DF00C4EA91 /* WJH-Info.plist in Resources */,
				CD8B7571188BD832009E7020 /* wjh-220.png in Resources */,
				CD84A13918859AB400C4EA91 /* icon@2x.png in Resources */,
				CD8B7576188BF0AA009E7020 /* register.png in Resources */,
				CD0BA50F1886EB33003BADD4 /* tab3_s@2x.png in Resources */,
			);
			runOnlyForDeploymentPostprocessing = 0;
		};
/* End PBXResourcesBuildPhase section */

/* Begin PBXSourcesBuildPhase section */
		181B19F815EDF9FD00B67BDF /* Sources */ = {
			isa = PBXSourcesBuildPhase;
			buildActionMask = 2147483647;
			files = (
				181B1A4715EDFA1B00B67BDF /* ASIAuthenticationDialog.m in Sources */,
				CD8B756C188BD078009E7020 /* CategoryPickerInputTableViewCell.m in Sources */,
				181B1A4815EDFA1B00B67BDF /* ASIDataCompressor.m in Sources */,
				CD84A113188445DF00C4EA91 /* SSColor.m in Sources */,
				CD8B7565188BD078009E7020 /* IntegerInputTableViewCell.m in Sources */,
				CD8B7567188BD078009E7020 /* SimplePickerInputTableViewCell.m in Sources */,
				CD8B756D188BD078009E7020 /* CenterPickerInputTableViewCell.m in Sources */,
				CD8B7563188BD078009E7020 /* CustomInputTableViewCell.m in Sources */,
				CD84A117188445DF00C4EA91 /* ViewUtils.m in Sources */,
				CD84A057188445DE00C4EA91 /* RootViewController.m in Sources */,
				CD8B7568188BD078009E7020 /* StringInputTableViewCell.m in Sources */,
				CD84A118188445DF00C4EA91 /* AsyncImageView.m in Sources */,
				CD84A0FC188445DF00C4EA91 /* AppDelegate.m in Sources */,
				CD84A112188445DF00C4EA91 /* RawDataCache.m in Sources */,
				CD84A11A188445DF00C4EA91 /* LogoImageView.m in Sources */,
				CD8B756A188BD078009E7020 /* NumberStringInputTableViewCell.m in Sources */,
				181B1A4915EDFA1B00B67BDF /* ASIDataDecompressor.m in Sources */,
				CD84A12C188445DF00C4EA91 /* ZoomView.m in Sources */,
				181B1A4A15EDFA1B00B67BDF /* ASIDownloadCache.m in Sources */,
				CD84A0DE188445DE00C4EA91 /* SGHTTPHelper.m in Sources */,
				181B1A4B15EDFA1B00B67BDF /* ASIFormDataRequest.m in Sources */,
				181B1A4C15EDFA1B00B67BDF /* ASIHTTPRequest.m in Sources */,
				CD8B7545188BCF82009E7020 /* RootTableViewController.m in Sources */,
				181B1A4D15EDFA1B00B67BDF /* ASIInputStream.m in Sources */,
				CD84A10E188445DF00C4EA91 /* MyUserDefaults.m in Sources */,
				CD84A132188596E100C4EA91 /* GeneralResponse.m in Sources */,
				181B1A4E15EDFA1B00B67BDF /* ASINetworkQueue.m in Sources */,
				CD84A110188445DF00C4EA91 /* Pinyin.c in Sources */,
				CD84A111188445DF00C4EA91 /* Pinyin.m in Sources */,
				CD84A115188445DF00C4EA91 /* Tools.m in Sources */,
				CD8B7566188BD078009E7020 /* PickerInputTableViewCell.m in Sources */,
				CD84A0DF188445DE00C4EA91 /* SGURLConfig.m in Sources */,
				181B1A4F15EDFA1B00B67BDF /* Reachability.m in Sources */,
				CD0BA4F91886E1F4003BADD4 /* PersonalTabViewController.m in Sources */,
				181B1A5015EDFA1B00B67BDF /* NSObject+SBJSON.m in Sources */,
				181B1A5115EDFA1B00B67BDF /* NSString+SBJSON.m in Sources */,
				181B1A5215EDFA1B00B67BDF /* SBJSON.m in Sources */,
				CD8C6F6A189544E0000EAE12 /* RegisterTableViewController.m in Sources */,
				181B1A5315EDFA1B00B67BDF /* SBJsonBase.m in Sources */,
				181B1A5415EDFA1B00B67BDF /* SBJsonParser.m in Sources */,
				CD8B7549188BCFD7009E7020 /* LoginTableViewController.m in Sources */,
				181B1A5515EDFA1B00B67BDF /* SBJsonWriter.m in Sources */,
				CD8B756B188BD078009E7020 /* CityPickerInputTableViewCell.m in Sources */,
				CD84A0E2188445DE00C4EA91 /* SGURLHelper.m in Sources */,
				CD8B7564188BD078009E7020 /* DateInputTableViewCell.m in Sources */,
				CD8B7569188BD078009E7020 /* StringMutipleInputTableViewCell.m in Sources */,
				181B1A7F15EF163700B67BDF /* RegexKitLite.m in Sources */,
				CD84A10F188445DF00C4EA91 /* NSString+NSDate.m in Sources */,
				CD84A12F1885969C00C4EA91 /* UploadImage.m in Sources */,
				181B1A8015EF163700B67BDF /* JSONKit.m in Sources */,
				CD8607501600EB4A003B9C39 /* EGORefreshTableHeaderView.m in Sources */,
				CD8607511600EB4A003B9C39 /* EGORefreshTableFooterView.m in Sources */,
				CD84A10C188445DF00C4EA91 /* KeychainItemWrapper.m in Sources */,
				CD84A107188445DF00C4EA91 /* main.m in Sources */,
				CD84A10D188445DF00C4EA91 /* MBProgressHUD.m in Sources */,
				CD0BA4FE1886E3F1003BADD4 /* SettingTabViewController.m in Sources */,
				CD0BA5021886E489003BADD4 /* SSNavigationController.m in Sources */,
				CD8607561600ED62003B9C39 /* FullyLoaded.m in Sources */,
				CD0BA4F41886E1AD003BADD4 /* MainTabViewController.m in Sources */,
				CD4F90A51674D2AA00E8D947 /* DAKeyboardControl.m in Sources */,
				CDBCA71B167DA36C00BD8B40 /* XCDFormInputAccessoryView.m in Sources */,
				CD84A116188445DF00C4EA91 /* UserInfoKeyChain.m in Sources */,
				CD84A114188445DF00C4EA91 /* SSParser.m in Sources */,
			);
			runOnlyForDeploymentPostprocessing = 0;
		};
/* End PBXSourcesBuildPhase section */

/* Begin PBXVariantGroup section */
		CD0E79A31895624E00AF0F25 /* LoginTableViewController.storyboard */ = {
			isa = PBXVariantGroup;
			children = (
				CD0E79A4189562AF00AF0F25 /* zh-Hans */,
			);
			name = LoginTableViewController.storyboard;
			sourceTree = "<group>";
		};
		CD849FD1188445DE00C4EA91 /* InfoPlist.strings */ = {
			isa = PBXVariantGroup;
			children = (
				CD0E79A5189562AF00AF0F25 /* zh-Hans */,
			);
			name = InfoPlist.strings;
			sourceTree = "<group>";
		};
/* End PBXVariantGroup section */

/* Begin XCBuildConfiguration section */
		181B1A1B15EDF9FE00B67BDF /* Debug */ = {
			isa = XCBuildConfiguration;
			buildSettings = {
				ALWAYS_SEARCH_USER_PATHS = NO;
				ARCHS = "$(ARCHS_STANDARD_32_BIT)";
				CLANG_CXX_LANGUAGE_STANDARD = "gnu++0x";
				CLANG_ENABLE_OBJC_ARC = YES;
				CLANG_WARN_CONSTANT_CONVERSION = YES;
				CLANG_WARN_ENUM_CONVERSION = YES;
				CLANG_WARN_INT_CONVERSION = YES;
				CLANG_WARN__DUPLICATE_METHOD_MATCH = YES;
				"CODE_SIGN_IDENTITY[sdk=iphoneos*]" = "iPhone Developer";
				COPY_PHASE_STRIP = NO;
				GCC_C_LANGUAGE_STANDARD = gnu99;
				GCC_DYNAMIC_NO_PIC = NO;
				GCC_OPTIMIZATION_LEVEL = 0;
				GCC_PREPROCESSOR_DEFINITIONS = (
					"DEBUG=1",
					"$(inherited)",
				);
				GCC_SYMBOLS_PRIVATE_EXTERN = NO;
				GCC_VERSION = com.apple.compilers.llvm.clang.1_0;
				GCC_WARN_ABOUT_RETURN_TYPE = YES;
				GCC_WARN_UNINITIALIZED_AUTOS = YES;
				GCC_WARN_UNUSED_VARIABLE = YES;
				IPHONEOS_DEPLOYMENT_TARGET = 5.1;
				SDKROOT = iphoneos;
				TARGETED_DEVICE_FAMILY = "1,2";
			};
			name = Debug;
		};
		181B1A1C15EDF9FE00B67BDF /* Release */ = {
			isa = XCBuildConfiguration;
			buildSettings = {
				ALWAYS_SEARCH_USER_PATHS = NO;
				ARCHS = "$(ARCHS_STANDARD_32_BIT)";
				CLANG_CXX_LANGUAGE_STANDARD = "gnu++0x";
				CLANG_ENABLE_OBJC_ARC = YES;
				CLANG_WARN_CONSTANT_CONVERSION = YES;
				CLANG_WARN_ENUM_CONVERSION = YES;
				CLANG_WARN_INT_CONVERSION = YES;
				CLANG_WARN__DUPLICATE_METHOD_MATCH = YES;
				"CODE_SIGN_IDENTITY[sdk=iphoneos*]" = "iPhone Developer";
				COPY_PHASE_STRIP = YES;
				GCC_C_LANGUAGE_STANDARD = gnu99;
				GCC_VERSION = com.apple.compilers.llvm.clang.1_0;
				GCC_WARN_ABOUT_RETURN_TYPE = YES;
				GCC_WARN_UNINITIALIZED_AUTOS = YES;
				GCC_WARN_UNUSED_VARIABLE = YES;
				IPHONEOS_DEPLOYMENT_TARGET = 5.1;
				OTHER_CFLAGS = "-DNS_BLOCK_ASSERTIONS=1";
				SDKROOT = iphoneos;
				TARGETED_DEVICE_FAMILY = "1,2";
				VALIDATE_PRODUCT = YES;
			};
			name = Release;
		};
		181B1A1E15EDF9FE00B67BDF /* Debug */ = {
			isa = XCBuildConfiguration;
			buildSettings = {
				GCC_PRECOMPILE_PREFIX_HEADER = YES;
				GCC_PREFIX_HEADER = "Classes/Supporting Files/WJH-Prefix.pch";
				INFOPLIST_FILE = "Classes/Supporting Files/WJH-Info.plist";
				PRODUCT_NAME = WJH;
				PROVISIONING_PROFILE = "9D37F248-4C53-4DA9-A32F-20EC04BCBE0E";
				TARGETED_DEVICE_FAMILY = 1;
				USER_HEADER_SEARCH_PATHS = "$(SRCROOT)/**";
				WRAPPER_EXTENSION = app;
			};
			name = Debug;
		};
		181B1A1F15EDF9FE00B67BDF /* Release */ = {
			isa = XCBuildConfiguration;
			buildSettings = {
				GCC_PRECOMPILE_PREFIX_HEADER = YES;
				GCC_PREFIX_HEADER = "Classes/Supporting Files/WJH-Prefix.pch";
				INFOPLIST_FILE = "Classes/Supporting Files/WJH-Info.plist";
				PRODUCT_NAME = WJH;
				PROVISIONING_PROFILE = "9D37F248-4C53-4DA9-A32F-20EC04BCBE0E";
				TARGETED_DEVICE_FAMILY = 1;
				USER_HEADER_SEARCH_PATHS = "$(SRCROOT)/**";
				WRAPPER_EXTENSION = app;
			};
			name = Release;
		};
/* End XCBuildConfiguration section */

/* Begin XCConfigurationList section */
		181B19F615EDF9FD00B67BDF /* Build configuration list for PBXProject "WJH" */ = {
			isa = XCConfigurationList;
			buildConfigurations = (
				181B1A1B15EDF9FE00B67BDF /* Debug */,
				181B1A1C15EDF9FE00B67BDF /* Release */,
			);
			defaultConfigurationIsVisible = 0;
			defaultConfigurationName = Release;
		};
		181B1A1D15EDF9FE00B67BDF /* Build configuration list for PBXNativeTarget "WJH" */ = {
			isa = XCConfigurationList;
			buildConfigurations = (
				181B1A1E15EDF9FE00B67BDF /* Debug */,
				181B1A1F15EDF9FE00B67BDF /* Release */,
			);
			defaultConfigurationIsVisible = 0;
			defaultConfigurationName = Release;
		};
/* End XCConfigurationList section */
	};
	rootObject = 181B19F315EDF9FD00B67BDF /* Project object */;
}
